// !$*UTF8*$!
{
	archiveVersion = 1;
	classes = {
	};
	objectVersion = 46;
	objects = {

/* Begin PBXBuildFile section */
		950315951C412F10009165F5 /* DetailCell.swift in Sources */ = {isa = PBXBuildFile; fileRef = 950315931C412F10009165F5 /* DetailCell.swift */; };
		950315961C412F10009165F5 /* DetailCell.xib in Resources */ = {isa = PBXBuildFile; fileRef = 950315941C412F10009165F5 /* DetailCell.xib */; };
		9507A3321C43984A00E760AF /* DetailViewController.swift in Sources */ = {isa = PBXBuildFile; fileRef = 9507A3311C43984A00E760AF /* DetailViewController.swift */; };
		950C15EA1C1BCFB4000929F5 /* MainTabBarController.swift in Sources */ = {isa = PBXBuildFile; fileRef = 950C15E61C1BCFB4000929F5 /* MainTabBarController.swift */; };
		950C15EC1C1BD286000929F5 /* MainViewController.swift in Sources */ = {isa = PBXBuildFile; fileRef = 950C15EB1C1BD286000929F5 /* MainViewController.swift */; };
		950C15EE1C1BD351000929F5 /* CityViewController.swift in Sources */ = {isa = PBXBuildFile; fileRef = 950C15ED1C1BD351000929F5 /* CityViewController.swift */; };
		951304761C54C1A40007EC50 /* ClassifyCell.swift in Sources */ = {isa = PBXBuildFile; fileRef = 951304741C54C1A40007EC50 /* ClassifyCell.swift */; };
		951304771C54C1A40007EC50 /* ClassifyCell.xib in Resources */ = {isa = PBXBuildFile; fileRef = 951304751C54C1A40007EC50 /* ClassifyCell.xib */; };
		951304791C54C1D70007EC50 /* SearchViewController.swift in Sources */ = {isa = PBXBuildFile; fileRef = 951304781C54C1D70007EC50 /* SearchViewController.swift */; };
		9513047B1C54C1F50007EC50 /* SearchView.swift in Sources */ = {isa = PBXBuildFile; fileRef = 9513047A1C54C1F50007EC50 /* SearchView.swift */; };
		9513047D1C54C2110007EC50 /* SearchButton.swift in Sources */ = {isa = PBXBuildFile; fileRef = 9513047C1C54C2110007EC50 /* SearchButton.swift */; };
		9513047F1C54C22F0007EC50 /* SearchTextField.swift in Sources */ = {isa = PBXBuildFile; fileRef = 9513047E1C54C22F0007EC50 /* SearchTextField.swift */; };
		951373DA1C3C0312007610CE /* String+Hash.swift in Sources */ = {isa = PBXBuildFile; fileRef = 951373D91C3C0312007610CE /* String+Hash.swift */; };
		951373DC1C3C0920007610CE /* NearViewController.swift in Sources */ = {isa = PBXBuildFile; fileRef = 951373DB1C3C0920007610CE /* NearViewController.swift */; };
		951373DE1C3C0958007610CE /* WNXMapView.swift in Sources */ = {isa = PBXBuildFile; fileRef = 951373DD1C3C0958007610CE /* WNXMapView.swift */; };
		951373E11C3C0998007610CE /* nearCell.swift in Sources */ = {isa = PBXBuildFile; fileRef = 951373DF1C3C0998007610CE /* nearCell.swift */; };
		951373E21C3C0998007610CE /* nearCell.xib in Resources */ = {isa = PBXBuildFile; fileRef = 951373E01C3C0998007610CE /* nearCell.xib */; };
		951373E51C3C09E2007610CE /* EventCellTableViewCell.swift in Sources */ = {isa = PBXBuildFile; fileRef = 951373E31C3C09E2007610CE /* EventCellTableViewCell.swift */; };
		951373EB1C3C0A1E007610CE /* ThemeCell.swift in Sources */ = {isa = PBXBuildFile; fileRef = 951373E91C3C0A1E007610CE /* ThemeCell.swift */; };
		951373EC1C3C0A1E007610CE /* ThemeCell.xib in Resources */ = {isa = PBXBuildFile; fileRef = 951373EA1C3C0A1E007610CE /* ThemeCell.xib */; };
		951373EE1C3C0A47007610CE /* EventViewController.swift in Sources */ = {isa = PBXBuildFile; fileRef = 951373ED1C3C0A47007610CE /* EventViewController.swift */; };
		951373F01C3C0A69007610CE /* EventWebView.swift in Sources */ = {isa = PBXBuildFile; fileRef = 951373EF1C3C0A69007610CE /* EventWebView.swift */; };
		951373F21C3C0A98007610CE /* ThemeViewController.swift in Sources */ = {isa = PBXBuildFile; fileRef = 951373F11C3C0A98007610CE /* ThemeViewController.swift */; };
		951373F41C3C0AC9007610CE /* ShopDetailContentView.swift in Sources */ = {isa = PBXBuildFile; fileRef = 951373F31C3C0AC9007610CE /* ShopDetailContentView.swift */; };
		951373F61C3C0AF4007610CE /* ShopDetailContentView.xib in Resources */ = {isa = PBXBuildFile; fileRef = 951373F51C3C0AF4007610CE /* ShopDetailContentView.xib */; };
		951373F81C3C0B09007610CE /* MoreView.swift in Sources */ = {isa = PBXBuildFile; fileRef = 951373F71C3C0B09007610CE /* MoreView.swift */; };
		951373FA1C3C0B14007610CE /* MoreView.xib in Resources */ = {isa = PBXBuildFile; fileRef = 951373F91C3C0B14007610CE /* MoreView.xib */; };
		951373FC1C3C0B2E007610CE /* GuessLikeView.swift in Sources */ = {isa = PBXBuildFile; fileRef = 951373FB1C3C0B2E007610CE /* GuessLikeView.swift */; };
		951373FE1C3C0B38007610CE /* GuessLikeView.xib in Resources */ = {isa = PBXBuildFile; fileRef = 951373FD1C3C0B38007610CE /* GuessLikeView.xib */; };
		951374001C3C0BE5007610CE /* MainTableView.swift in Sources */ = {isa = PBXBuildFile; fileRef = 951373FF1C3C0BE5007610CE /* MainTableView.swift */; };
		951374021C3C19C2007610CE /* SDRefreshHeader.swift in Sources */ = {isa = PBXBuildFile; fileRef = 951374011C3C19C2007610CE /* SDRefreshHeader.swift */; };
		9514ED6E1C33C9B000FD7798 /* UserInfoManager.swift in Sources */ = {isa = PBXBuildFile; fileRef = 9514ED6D1C33C9B000FD7798 /* UserInfoManager.swift */; };
		9514EDC71C33D11B00FD7798 /* UMSocialLocalizable.strings in Resources */ = {isa = PBXBuildFile; fileRef = 9514ED931C33D11B00FD7798 /* UMSocialLocalizable.strings */; };
		9514EDC81C33D11B00FD7798 /* libUMSocial_Sdk_4.2.3.a in Frameworks */ = {isa = PBXBuildFile; fileRef = 9514EDA11C33D11B00FD7798 /* libUMSocial_Sdk_4.2.3.a */; };
		9514EDC91C33D11B00FD7798 /* UMSCommentDetailController.xib in Resources */ = {isa = PBXBuildFile; fileRef = 9514EDA31C33D11B00FD7798 /* UMSCommentDetailController.xib */; };
		9514EDCA1C33D11B00FD7798 /* UMSCommentInputController.xib in Resources */ = {isa = PBXBuildFile; fileRef = 9514EDA41C33D11B00FD7798 /* UMSCommentInputController.xib */; };
		9514EDCB1C33D11B00FD7798 /* UMSCommentInputControlleriPad.xib in Resources */ = {isa = PBXBuildFile; fileRef = 9514EDA51C33D11B00FD7798 /* UMSCommentInputControlleriPad.xib */; };
		9514EDCC1C33D11B00FD7798 /* UMShareEditViewController.xib in Resources */ = {isa = PBXBuildFile; fileRef = 9514EDA61C33D11B00FD7798 /* UMShareEditViewController.xib */; };
		9514EDCD1C33D11B00FD7798 /* UMShareEditViewControlleriPad.xib in Resources */ = {isa = PBXBuildFile; fileRef = 9514EDA71C33D11B00FD7798 /* UMShareEditViewControlleriPad.xib */; };
		9514EDCE1C33D11B00FD7798 /* UMSLoginViewController.xib in Resources */ = {isa = PBXBuildFile; fileRef = 9514EDA81C33D11B00FD7798 /* UMSLoginViewController.xib */; };
		9514EDCF1C33D11B00FD7798 /* UMSnsAccountViewController.xib in Resources */ = {isa = PBXBuildFile; fileRef = 9514EDA91C33D11B00FD7798 /* UMSnsAccountViewController.xib */; };
		9514EDD01C33D11B00FD7798 /* UMSShareListController.xib in Resources */ = {isa = PBXBuildFile; fileRef = 9514EDAA1C33D11B00FD7798 /* UMSShareListController.xib */; };
		9514EDD11C33D11B00FD7798 /* UMSocialSDKResourcesNew.bundle in Resources */ = {isa = PBXBuildFile; fileRef = 9514EDAB1C33D11B00FD7798 /* UMSocialSDKResourcesNew.bundle */; };
		9514EDD21C33D11B00FD7798 /* libSocialSina.a in Frameworks */ = {isa = PBXBuildFile; fileRef = 9514EDAF1C33D11B00FD7798 /* libSocialSina.a */; };
		9514EDD31C33D11C00FD7798 /* libSocialWechat.a in Frameworks */ = {isa = PBXBuildFile; fileRef = 9514EDB21C33D11B00FD7798 /* libSocialWechat.a */; };
		9514EDD41C33D11C00FD7798 /* libWeChatSDK.a in Frameworks */ = {isa = PBXBuildFile; fileRef = 9514EDB31C33D11B00FD7798 /* libWeChatSDK.a */; };
		9515A2041C5C92E10016F8B7 /* AboutWeViewController.xib in Resources */ = {isa = PBXBuildFile; fileRef = 9515A1FF1C5C92E00016F8B7 /* AboutWeViewController.xib */; };
		9515A2051C5C92E10016F8B7 /* MyCenterViewController.xib in Resources */ = {isa = PBXBuildFile; fileRef = 9515A2001C5C92E10016F8B7 /* MyCenterViewController.xib */; };
		9515A2061C5C92E10016F8B7 /* OrderViewController.xib in Resources */ = {isa = PBXBuildFile; fileRef = 9515A2011C5C92E10016F8B7 /* OrderViewController.xib */; };
		9515A2071C5C92E10016F8B7 /* SettingCell.xib in Resources */ = {isa = PBXBuildFile; fileRef = 9515A2021C5C92E10016F8B7 /* SettingCell.xib */; };
		9515A2081C5C92E10016F8B7 /* ShakeViewController.xib in Resources */ = {isa = PBXBuildFile; fileRef = 9515A2031C5C92E10016F8B7 /* ShakeViewController.xib */; };
		951ADFA71C4B73CF005795BC /* NavigatorViewController.swift in Sources */ = {isa = PBXBuildFile; fileRef = 951ADFA61C4B73CF005795BC /* NavigatorViewController.swift */; };
		951ADFA91C4B798C005795BC /* String+wnxString.swift in Sources */ = {isa = PBXBuildFile; fileRef = 951ADFA81C4B798C005795BC /* String+wnxString.swift */; };
		951ADFAB1C4BE728005795BC /* ExperHeadView.swift in Sources */ = {isa = PBXBuildFile; fileRef = 951ADFAA1C4BE728005795BC /* ExperHeadView.swift */; };
		951ADFAD1C4BE783005795BC /* ExperienceModel.swift in Sources */ = {isa = PBXBuildFile; fileRef = 951ADFAC1C4BE783005795BC /* ExperienceModel.swift */; };
		95206FEB1C340BC90011544F /* CoreLocation.framework in Frameworks */ = {isa = PBXBuildFile; fileRef = 95206FEA1C340BC90011544F /* CoreLocation.framework */; };
		9524342F1C575D4000411125 /* SignUpViewController.xib in Resources */ = {isa = PBXBuildFile; fileRef = 9524342E1C575D4000411125 /* SignUpViewController.xib */; };
		952ACEE51C1C593400C9CA11 /* LeadpageViewController.swift in Sources */ = {isa = PBXBuildFile; fileRef = 952ACEE41C1C593400C9CA11 /* LeadpageViewController.swift */; };
		952ACEEA1C1C5BC800C9CA11 /* fourpage-375w-667h@2x.jpg in Resources */ = {isa = PBXBuildFile; fileRef = 952ACEE61C1C5BC800C9CA11 /* fourpage-375w-667h@2x.jpg */; };
		952ACEEB1C1C5BC800C9CA11 /* fourpage-414w-736h@3x.jpg in Resources */ = {isa = PBXBuildFile; fileRef = 952ACEE71C1C5BC800C9CA11 /* fourpage-414w-736h@3x.jpg */; };
		952ACEEC1C1C5BC800C9CA11 /* fourpage-568h@2x.jpg in Resources */ = {isa = PBXBuildFile; fileRef = 952ACEE81C1C5BC800C9CA11 /* fourpage-568h@2x.jpg */; };
		952ACEED1C1C5BC800C9CA11 /* fourpage@2x.jpg in Resources */ = {isa = PBXBuildFile; fileRef = 952ACEE91C1C5BC800C9CA11 /* fourpage@2x.jpg */; };
		952ACEF81C1C5BF400C9CA11 /* 798 in Resources */ = {isa = PBXBuildFile; fileRef = 952ACEEE1C1C5BF400C9CA11 /* 798 */; };
		952ACEF91C1C5BF400C9CA11 /* 南锣鼓巷 in Resources */ = {isa = PBXBuildFile; fileRef = 952ACEEF1C1C5BF400C9CA11 /* 南锣鼓巷 */; };
		952ACEFA1C1C5BF400C9CA11 /* 三里屯 in Resources */ = {isa = PBXBuildFile; fileRef = 952ACEF01C1C5BF400C9CA11 /* 三里屯 */; };
		952ACEFB1C1C5BF400C9CA11 /* Classify in Resources */ = {isa = PBXBuildFile; fileRef = 952ACEF11C1C5BF400C9CA11 /* Classify */; };
		952ACEFC1C1C5BF400C9CA11 /* Details in Resources */ = {isa = PBXBuildFile; fileRef = 952ACEF21C1C5BF400C9CA11 /* Details */; };
		952ACEFD1C1C5BF400C9CA11 /* events in Resources */ = {isa = PBXBuildFile; fileRef = 952ACEF31C1C5BF400C9CA11 /* events */; };
		952ACEFE1C1C5BF400C9CA11 /* Experience in Resources */ = {isa = PBXBuildFile; fileRef = 952ACEF41C1C5BF400C9CA11 /* Experience */; };
		952ACEFF1C1C5BF400C9CA11 /* More in Resources */ = {isa = PBXBuildFile; fileRef = 952ACEF51C1C5BF400C9CA11 /* More */; };
		952ACF001C1C5BF400C9CA11 /* Nears in Resources */ = {isa = PBXBuildFile; fileRef = 952ACEF61C1C5BF400C9CA11 /* Nears */; };
		952ACF011C1C5BF400C9CA11 /* themes in Resources */ = {isa = PBXBuildFile; fileRef = 952ACEF71C1C5BF400C9CA11 /* themes */; };
		952ACF051C1C5F9D00C9CA11 /* LaunchScreen.xib in Resources */ = {isa = PBXBuildFile; fileRef = 952ACF041C1C5F9D00C9CA11 /* LaunchScreen.xib */; };
		952ACF071C1C63D900C9CA11 /* Images.xcassets in Resources */ = {isa = PBXBuildFile; fileRef = 952ACF061C1C63D900C9CA11 /* Images.xcassets */; };
		952ACF0B1C1C7B4200C9CA11 /* ExploreViewController.swift in Sources */ = {isa = PBXBuildFile; fileRef = 952ACF0A1C1C7B4200C9CA11 /* ExploreViewController.swift */; };
		952ACF0D1C1C806E00C9CA11 /* UIView+wnxView.swift in Sources */ = {isa = PBXBuildFile; fileRef = 952ACF0C1C1C806E00C9CA11 /* UIView+wnxView.swift */; };
		952ACF0F1C1C98E600C9CA11 /* ExperienceViewController.swift in Sources */ = {isa = PBXBuildFile; fileRef = 952ACF0E1C1C98E600C9CA11 /* ExperienceViewController.swift */; };
		952ACF111C1C9D5000C9CA11 /* ClassifyViewController.swift in Sources */ = {isa = PBXBuildFile; fileRef = 952ACF101C1C9D5000C9CA11 /* ClassifyViewController.swift */; };
		952ACF131C1C9DAB00C9CA11 /* MeViewController.swift in Sources */ = {isa = PBXBuildFile; fileRef = 952ACF121C1C9DAB00C9CA11 /* MeViewController.swift */; };
		9539356A1C3E8BC200CDB7C7 /* MAMapKit.framework in Frameworks */ = {isa = PBXBuildFile; fileRef = 953935691C3E8BC200CDB7C7 /* MAMapKit.framework */; };
		95430A791C1BDCA000CCFDC8 /* theme.swift in Sources */ = {isa = PBXBuildFile; fileRef = 95430A781C1BDCA000CCFDC8 /* theme.swift */; };
		95430A7B1C1BE34B00CCFDC8 /* UIColor+wnxColor.swift in Sources */ = {isa = PBXBuildFile; fileRef = 95430A7A1C1BE34B00CCFDC8 /* UIColor+wnxColor.swift */; };
		954C18301C60ABDC006A4D8F /* EventCellTableViewCell.xib in Resources */ = {isa = PBXBuildFile; fileRef = 954C182F1C60ABDC006A4D8F /* EventCellTableViewCell.xib */; };
		955ED5691C1C47B40054494E /* MainNavigationController.swift in Sources */ = {isa = PBXBuildFile; fileRef = 955ED5681C1C47B40054494E /* MainNavigationController.swift */; };
		956664CC1C1D7D7F0083F9B3 /* CityCollectionViewCell.swift in Sources */ = {isa = PBXBuildFile; fileRef = 956664CB1C1D7D7F0083F9B3 /* CityCollectionViewCell.swift */; };
		956664CE1C1D7E1C0083F9B3 /* CityHeadCollectionReusableView.swift in Sources */ = {isa = PBXBuildFile; fileRef = 956664CD1C1D7E1C0083F9B3 /* CityHeadCollectionReusableView.swift */; };
		956664D01C2010480083F9B3 /* IconView.swift in Sources */ = {isa = PBXBuildFile; fileRef = 956664CF1C2010480083F9B3 /* IconView.swift */; };
		956664D21C20134E0083F9B3 /* UIImage+wnxImage.swift in Sources */ = {isa = PBXBuildFile; fileRef = 956664D11C20134E0083F9B3 /* UIImage+wnxImage.swift */; };
		956664D51C2018750083F9B3 /* MyCenterViewController.swift in Sources */ = {isa = PBXBuildFile; fileRef = 956664D31C2018750083F9B3 /* MyCenterViewController.swift */; };
		956664D81C2020AF0083F9B3 /* UserAccountTool.swift in Sources */ = {isa = PBXBuildFile; fileRef = 956664D71C2020AF0083F9B3 /* UserAccountTool.swift */; };
		956664DA1C2021120083F9B3 /* LoginViewController.swift in Sources */ = {isa = PBXBuildFile; fileRef = 956664D91C2021120083F9B3 /* LoginViewController.swift */; };
		956664DD1C20233F0083F9B3 /* OrderViewController.swift in Sources */ = {isa = PBXBuildFile; fileRef = 956664DB1C20233F0083F9B3 /* OrderViewController.swift */; };
		956664E01C2023B30083F9B3 /* SettingViewController.swift in Sources */ = {isa = PBXBuildFile; fileRef = 956664DF1C2023B30083F9B3 /* SettingViewController.swift */; };
		956664E21C2023FA0083F9B3 /* SettingCell.swift in Sources */ = {isa = PBXBuildFile; fileRef = 956664E11C2023FA0083F9B3 /* SettingCell.swift */; };
		956664E61C2024C70083F9B3 /* FeedbackViewController.swift in Sources */ = {isa = PBXBuildFile; fileRef = 956664E51C2024C70083F9B3 /* FeedbackViewController.swift */; };
		956664E91C2025090083F9B3 /* ShakeViewController.swift in Sources */ = {isa = PBXBuildFile; fileRef = 956664E71C2025090083F9B3 /* ShakeViewController.swift */; };
		956664ED1C20253A0083F9B3 /* AboutWeViewController.swift in Sources */ = {isa = PBXBuildFile; fileRef = 956664EB1C20253A0083F9B3 /* AboutWeViewController.swift */; };
		956664F01C20256C0083F9B3 /* RecommendViewController.swift in Sources */ = {isa = PBXBuildFile; fileRef = 956664EF1C20256C0083F9B3 /* RecommendViewController.swift */; };
		956664F21C206A3E0083F9B3 /* ClassifyModel.swift in Sources */ = {isa = PBXBuildFile; fileRef = 956664F11C206A3E0083F9B3 /* ClassifyModel.swift */; };
		956664F41C2163CD0083F9B3 /* EveryDayModel.swift in Sources */ = {isa = PBXBuildFile; fileRef = 956664F31C2163CD0083F9B3 /* EveryDayModel.swift */; };
		956664F61C2164640083F9B3 /* SwiftDictModel.swift in Sources */ = {isa = PBXBuildFile; fileRef = 956664F51C2164640083F9B3 /* SwiftDictModel.swift */; };
		956664F81C2165A70083F9B3 /* glass.wav in Resources */ = {isa = PBXBuildFile; fileRef = 956664F71C2165A70083F9B3 /* glass.wav */; };
		956664FC1C2172030083F9B3 /* FileTool.swift in Sources */ = {isa = PBXBuildFile; fileRef = 956664FB1C2172030083F9B3 /* FileTool.swift */; };
		956664FE1C2172DC0083F9B3 /* ShareView.swift in Sources */ = {isa = PBXBuildFile; fileRef = 956664FD1C2172DC0083F9B3 /* ShareView.swift */; };
		956665001C21736D0083F9B3 /* ShareView.xib in Resources */ = {isa = PBXBuildFile; fileRef = 956664FF1C21736D0083F9B3 /* ShareView.xib */; };
		956665021C219ECC0083F9B3 /* ShareModel.swift in Sources */ = {isa = PBXBuildFile; fileRef = 956665011C219ECC0083F9B3 /* ShareModel.swift */; };
		958EDE241C61DFC10052C1F2 /* CustomAnnotationView.swift in Sources */ = {isa = PBXBuildFile; fileRef = 958EDE231C61DFC10052C1F2 /* CustomAnnotationView.swift */; };
		958EDE261C61E0090052C1F2 /* CustomCalloutView.swift in Sources */ = {isa = PBXBuildFile; fileRef = 958EDE251C61E0090052C1F2 /* CustomCalloutView.swift */; };
		958EDE281C61E63E0052C1F2 /* author@2x.png in Resources */ = {isa = PBXBuildFile; fileRef = 958EDE271C61E63E0052C1F2 /* author@2x.png */; };
		959AB4421C1D61C30053111F /* DoubleTextView.swift in Sources */ = {isa = PBXBuildFile; fileRef = 959AB4411C1D61C30053111F /* DoubleTextView.swift */; };
		959BDED11C3402F600DF668A /* libsqlite3.tbd in Frameworks */ = {isa = PBXBuildFile; fileRef = 959BDED01C3402F600DF668A /* libsqlite3.tbd */; };
		959D2E911C4F7AEF000A47BE /* ShareTool.swift in Sources */ = {isa = PBXBuildFile; fileRef = 959D2E901C4F7AEF000A47BE /* ShareTool.swift */; };
		95D456451C1AFB0B00A732F5 /* AppDelegate.swift in Sources */ = {isa = PBXBuildFile; fileRef = 95D456441C1AFB0B00A732F5 /* AppDelegate.swift */; };
		95D51B0F1C42373800AB56D6 /* LoadAnimatImageView.swift in Sources */ = {isa = PBXBuildFile; fileRef = 95D51B0E1C42373800AB56D6 /* LoadAnimatImageView.swift */; };
		95D6E2E31C4E68CB009978B5 /* RegExCategories.m in Sources */ = {isa = PBXBuildFile; fileRef = 95D6E2E21C4E68CB009978B5 /* RegExCategories.m */; };
		95DCB4091C3FB16600D5F77D /* ClassDetailViewController.swift in Sources */ = {isa = PBXBuildFile; fileRef = 95DCB4081C3FB16600D5F77D /* ClassDetailViewController.swift */; };
		95DCB40B1C3FB68600D5F77D /* UIImageView+wnxImage.swift in Sources */ = {isa = PBXBuildFile; fileRef = 95DCB40A1C3FB68600D5F77D /* UIImageView+wnxImage.swift */; };
		95DCB40D1C3FC63900D5F77D /* UIBarButtonItem+wxnBarButtonItem.swift in Sources */ = {isa = PBXBuildFile; fileRef = 95DCB40C1C3FC63900D5F77D /* UIBarButtonItem+wxnBarButtonItem.swift */; };
		95EC15751C4D1B56007DB8F5 /* ExperHeadPushViewController.swift in Sources */ = {isa = PBXBuildFile; fileRef = 95EC15741C4D1B56007DB8F5 /* ExperHeadPushViewController.swift */; };
		95EC15771C4D1B7A007DB8F5 /* ExperienceWebView.swift in Sources */ = {isa = PBXBuildFile; fileRef = 95EC15761C4D1B7A007DB8F5 /* ExperienceWebView.swift */; };
		95EC157B1C4D1BBA007DB8F5 /* ExploreBottomView.swift in Sources */ = {isa = PBXBuildFile; fileRef = 95EC157A1C4D1BBA007DB8F5 /* ExploreBottomView.swift */; };
		95EC157D1C4D1BD3007DB8F5 /* ExploreBottomView.xib in Resources */ = {isa = PBXBuildFile; fileRef = 95EC157C1C4D1BD3007DB8F5 /* ExploreBottomView.xib */; };
		95EC15801C4D1C1F007DB8F5 /* ExperienceCell.swift in Sources */ = {isa = PBXBuildFile; fileRef = 95EC157E1C4D1C1F007DB8F5 /* ExperienceCell.swift */; };
		95EC15811C4D1C1F007DB8F5 /* ExperienceCell.xib in Resources */ = {isa = PBXBuildFile; fileRef = 95EC157F1C4D1C1F007DB8F5 /* ExperienceCell.xib */; };
		95EC15841C4D1C45007DB8F5 /* SignUpViewController.swift in Sources */ = {isa = PBXBuildFile; fileRef = 95EC15821C4D1C45007DB8F5 /* SignUpViewController.swift */; };
		95EC15871C4D1C61007DB8F5 /* BuyDetailViewController.swift in Sources */ = {isa = PBXBuildFile; fileRef = 95EC15861C4D1C61007DB8F5 /* BuyDetailViewController.swift */; };
		95F6E33D1C4500CD0062DB4F /* ShopDetailView.swift in Sources */ = {isa = PBXBuildFile; fileRef = 95F6E33C1C4500CD0062DB4F /* ShopDetailView.swift */; };
		DF111BC6C15D52475989F39B /* Pods_ZYsmallDay.framework in Frameworks */ = {isa = PBXBuildFile; fileRef = DA1BA8CEFAD216CD180E0FD0 /* Pods_ZYsmallDay.framework */; };
/* End PBXBuildFile section */

/* Begin PBXFileReference section */
		26D478EE2FCDFE6377D1FB42 /* Pods-ZYsmallDay.release.xcconfig */ = {isa = PBXFileReference; includeInIndex = 1; lastKnownFileType = text.xcconfig; name = "Pods-ZYsmallDay.release.xcconfig"; path = "Pods/Target Support Files/Pods-ZYsmallDay/Pods-ZYsmallDay.release.xcconfig"; sourceTree = "<group>"; };
		3A951D6633B67D43F838E33D /* Pods-ZYsmallDay.debug.xcconfig */ = {isa = PBXFileReference; includeInIndex = 1; lastKnownFileType = text.xcconfig; name = "Pods-ZYsmallDay.debug.xcconfig"; path = "Pods/Target Support Files/Pods-ZYsmallDay/Pods-ZYsmallDay.debug.xcconfig"; sourceTree = "<group>"; };
		950315931C412F10009165F5 /* DetailCell.swift */ = {isa = PBXFileReference; fileEncoding = 4; lastKnownFileType = sourcecode.swift; path = DetailCell.swift; sourceTree = "<group>"; };
		950315941C412F10009165F5 /* DetailCell.xib */ = {isa = PBXFileReference; fileEncoding = 4; lastKnownFileType = file.xib; path = DetailCell.xib; sourceTree = "<group>"; };
		9507A3311C43984A00E760AF /* DetailViewController.swift */ = {isa = PBXFileReference; fileEncoding = 4; lastKnownFileType = sourcecode.swift; path = DetailViewController.swift; sourceTree = "<group>"; };
		950C15E61C1BCFB4000929F5 /* MainTabBarController.swift */ = {isa = PBXFileReference; fileEncoding = 4; lastKnownFileType = sourcecode.swift; path = MainTabBarController.swift; sourceTree = "<group>"; };
		950C15EB1C1BD286000929F5 /* MainViewController.swift */ = {isa = PBXFileReference; fileEncoding = 4; lastKnownFileType = sourcecode.swift; path = MainViewController.swift; sourceTree = "<group>"; };
		950C15ED1C1BD351000929F5 /* CityViewController.swift */ = {isa = PBXFileReference; fileEncoding = 4; lastKnownFileType = sourcecode.swift; path = CityViewController.swift; sourceTree = "<group>"; };
		951304741C54C1A40007EC50 /* ClassifyCell.swift */ = {isa = PBXFileReference; fileEncoding = 4; lastKnownFileType = sourcecode.swift; path = ClassifyCell.swift; sourceTree = "<group>"; };
		951304751C54C1A40007EC50 /* ClassifyCell.xib */ = {isa = PBXFileReference; fileEncoding = 4; lastKnownFileType = file.xib; path = ClassifyCell.xib; sourceTree = "<group>"; };
		951304781C54C1D70007EC50 /* SearchViewController.swift */ = {isa = PBXFileReference; fileEncoding = 4; lastKnownFileType = sourcecode.swift; path = SearchViewController.swift; sourceTree = "<group>"; };
		9513047A1C54C1F50007EC50 /* SearchView.swift */ = {isa = PBXFileReference; fileEncoding = 4; lastKnownFileType = sourcecode.swift; path = SearchView.swift; sourceTree = "<group>"; };
		9513047C1C54C2110007EC50 /* SearchButton.swift */ = {isa = PBXFileReference; fileEncoding = 4; lastKnownFileType = sourcecode.swift; path = SearchButton.swift; sourceTree = "<group>"; };
		9513047E1C54C22F0007EC50 /* SearchTextField.swift */ = {isa = PBXFileReference; fileEncoding = 4; lastKnownFileType = sourcecode.swift; path = SearchTextField.swift; sourceTree = "<group>"; };
		951373D91C3C0312007610CE /* String+Hash.swift */ = {isa = PBXFileReference; fileEncoding = 4; lastKnownFileType = sourcecode.swift; path = "String+Hash.swift"; sourceTree = "<group>"; };
		951373DB1C3C0920007610CE /* NearViewController.swift */ = {isa = PBXFileReference; fileEncoding = 4; lastKnownFileType = sourcecode.swift; path = NearViewController.swift; sourceTree = "<group>"; };
		951373DD1C3C0958007610CE /* WNXMapView.swift */ = {isa = PBXFileReference; fileEncoding = 4; lastKnownFileType = sourcecode.swift; path = WNXMapView.swift; sourceTree = "<group>"; };
		951373DF1C3C0998007610CE /* nearCell.swift */ = {isa = PBXFileReference; fileEncoding = 4; lastKnownFileType = sourcecode.swift; path = nearCell.swift; sourceTree = "<group>"; };
		951373E01C3C0998007610CE /* nearCell.xib */ = {isa = PBXFileReference; fileEncoding = 4; lastKnownFileType = file.xib; path = nearCell.xib; sourceTree = "<group>"; };
		951373E31C3C09E2007610CE /* EventCellTableViewCell.swift */ = {isa = PBXFileReference; fileEncoding = 4; lastKnownFileType = sourcecode.swift; path = EventCellTableViewCell.swift; sourceTree = "<group>"; };
		951373E91C3C0A1E007610CE /* ThemeCell.swift */ = {isa = PBXFileReference; fileEncoding = 4; lastKnownFileType = sourcecode.swift; path = ThemeCell.swift; sourceTree = "<group>"; };
		951373EA1C3C0A1E007610CE /* ThemeCell.xib */ = {isa = PBXFileReference; fileEncoding = 4; lastKnownFileType = file.xib; path = ThemeCell.xib; sourceTree = "<group>"; };
		951373ED1C3C0A47007610CE /* EventViewController.swift */ = {isa = PBXFileReference; fileEncoding = 4; lastKnownFileType = sourcecode.swift; path = EventViewController.swift; sourceTree = "<group>"; };
		951373EF1C3C0A69007610CE /* EventWebView.swift */ = {isa = PBXFileReference; fileEncoding = 4; lastKnownFileType = sourcecode.swift; path = EventWebView.swift; sourceTree = "<group>"; };
		951373F11C3C0A98007610CE /* ThemeViewController.swift */ = {isa = PBXFileReference; fileEncoding = 4; lastKnownFileType = sourcecode.swift; path = ThemeViewController.swift; sourceTree = "<group>"; };
		951373F31C3C0AC9007610CE /* ShopDetailContentView.swift */ = {isa = PBXFileReference; fileEncoding = 4; lastKnownFileType = sourcecode.swift; path = ShopDetailContentView.swift; sourceTree = "<group>"; };
		951373F51C3C0AF4007610CE /* ShopDetailContentView.xib */ = {isa = PBXFileReference; fileEncoding = 4; lastKnownFileType = file.xib; path = ShopDetailContentView.xib; sourceTree = "<group>"; };
		951373F71C3C0B09007610CE /* MoreView.swift */ = {isa = PBXFileReference; fileEncoding = 4; lastKnownFileType = sourcecode.swift; path = MoreView.swift; sourceTree = "<group>"; };
		951373F91C3C0B14007610CE /* MoreView.xib */ = {isa = PBXFileReference; fileEncoding = 4; lastKnownFileType = file.xib; path = MoreView.xib; sourceTree = "<group>"; };
		951373FB1C3C0B2E007610CE /* GuessLikeView.swift */ = {isa = PBXFileReference; fileEncoding = 4; lastKnownFileType = sourcecode.swift; path = GuessLikeView.swift; sourceTree = "<group>"; };
		951373FD1C3C0B38007610CE /* GuessLikeView.xib */ = {isa = PBXFileReference; fileEncoding = 4; lastKnownFileType = file.xib; path = GuessLikeView.xib; sourceTree = "<group>"; };
		951373FF1C3C0BE5007610CE /* MainTableView.swift */ = {isa = PBXFileReference; fileEncoding = 4; lastKnownFileType = sourcecode.swift; path = MainTableView.swift; sourceTree = "<group>"; };
		951374011C3C19C2007610CE /* SDRefreshHeader.swift */ = {isa = PBXFileReference; fileEncoding = 4; lastKnownFileType = sourcecode.swift; path = SDRefreshHeader.swift; sourceTree = "<group>"; };
		95140EE01C315B54005E2708 /* ZYsmallDay-Bridging-Header.h */ = {isa = PBXFileReference; lastKnownFileType = sourcecode.c.h; path = "ZYsmallDay-Bridging-Header.h"; sourceTree = SOURCE_ROOT; };
		9514ED6D1C33C9B000FD7798 /* UserInfoManager.swift */ = {isa = PBXFileReference; fileEncoding = 4; lastKnownFileType = sourcecode.swift; path = UserInfoManager.swift; sourceTree = "<group>"; };
		9514ED941C33D11B00FD7798 /* en */ = {isa = PBXFileReference; lastKnownFileType = text.plist.strings; name = en; path = en.lproj/UMSocialLocalizable.strings; sourceTree = "<group>"; };
		9514ED961C33D11B00FD7798 /* UMSocial.h */ = {isa = PBXFileReference; fileEncoding = 4; lastKnownFileType = sourcecode.c.h; path = UMSocial.h; sourceTree = "<group>"; };
		9514ED971C33D11B00FD7798 /* UMSocialAccountManager.h */ = {isa = PBXFileReference; fileEncoding = 4; lastKnownFileType = sourcecode.c.h; path = UMSocialAccountManager.h; sourceTree = "<group>"; };
		9514ED981C33D11B00FD7798 /* UMSocialBar.h */ = {isa = PBXFileReference; fileEncoding = 4; lastKnownFileType = sourcecode.c.h; path = UMSocialBar.h; sourceTree = "<group>"; };
		9514ED991C33D11B00FD7798 /* UMSocialConfig.h */ = {isa = PBXFileReference; fileEncoding = 4; lastKnownFileType = sourcecode.c.h; path = UMSocialConfig.h; sourceTree = "<group>"; };
		9514ED9A1C33D11B00FD7798 /* UMSocialControllerService.h */ = {isa = PBXFileReference; fileEncoding = 4; lastKnownFileType = sourcecode.c.h; path = UMSocialControllerService.h; sourceTree = "<group>"; };
		9514ED9B1C33D11B00FD7798 /* UMSocialControllerServiceComment.h */ = {isa = PBXFileReference; fileEncoding = 4; lastKnownFileType = sourcecode.c.h; path = UMSocialControllerServiceComment.h; sourceTree = "<group>"; };
		9514ED9C1C33D11B00FD7798 /* UMSocialData.h */ = {isa = PBXFileReference; fileEncoding = 4; lastKnownFileType = sourcecode.c.h; path = UMSocialData.h; sourceTree = "<group>"; };
		9514ED9D1C33D11B00FD7798 /* UMSocialDataService.h */ = {isa = PBXFileReference; fileEncoding = 4; lastKnownFileType = sourcecode.c.h; path = UMSocialDataService.h; sourceTree = "<group>"; };
		9514ED9E1C33D11B00FD7798 /* UMSocialSnsData.h */ = {isa = PBXFileReference; fileEncoding = 4; lastKnownFileType = sourcecode.c.h; path = UMSocialSnsData.h; sourceTree = "<group>"; };
		9514ED9F1C33D11B00FD7798 /* UMSocialSnsPlatformManager.h */ = {isa = PBXFileReference; fileEncoding = 4; lastKnownFileType = sourcecode.c.h; path = UMSocialSnsPlatformManager.h; sourceTree = "<group>"; };
		9514EDA01C33D11B00FD7798 /* UMSocialSnsService.h */ = {isa = PBXFileReference; fileEncoding = 4; lastKnownFileType = sourcecode.c.h; path = UMSocialSnsService.h; sourceTree = "<group>"; };
		9514EDA11C33D11B00FD7798 /* libUMSocial_Sdk_4.2.3.a */ = {isa = PBXFileReference; lastKnownFileType = archive.ar; path = libUMSocial_Sdk_4.2.3.a; sourceTree = "<group>"; };
		9514EDA31C33D11B00FD7798 /* UMSCommentDetailController.xib */ = {isa = PBXFileReference; fileEncoding = 4; lastKnownFileType = file.xib; path = UMSCommentDetailController.xib; sourceTree = "<group>"; };
		9514EDA41C33D11B00FD7798 /* UMSCommentInputController.xib */ = {isa = PBXFileReference; fileEncoding = 4; lastKnownFileType = file.xib; path = UMSCommentInputController.xib; sourceTree = "<group>"; };
		9514EDA51C33D11B00FD7798 /* UMSCommentInputControlleriPad.xib */ = {isa = PBXFileReference; fileEncoding = 4; lastKnownFileType = file.xib; path = UMSCommentInputControlleriPad.xib; sourceTree = "<group>"; };
		9514EDA61C33D11B00FD7798 /* UMShareEditViewController.xib */ = {isa = PBXFileReference; fileEncoding = 4; lastKnownFileType = file.xib; path = UMShareEditViewController.xib; sourceTree = "<group>"; };
		9514EDA71C33D11B00FD7798 /* UMShareEditViewControlleriPad.xib */ = {isa = PBXFileReference; fileEncoding = 4; lastKnownFileType = file.xib; path = UMShareEditViewControlleriPad.xib; sourceTree = "<group>"; };
		9514EDA81C33D11B00FD7798 /* UMSLoginViewController.xib */ = {isa = PBXFileReference; fileEncoding = 4; lastKnownFileType = file.xib; path = UMSLoginViewController.xib; sourceTree = "<group>"; };
		9514EDA91C33D11B00FD7798 /* UMSnsAccountViewController.xib */ = {isa = PBXFileReference; fileEncoding = 4; lastKnownFileType = file.xib; path = UMSnsAccountViewController.xib; sourceTree = "<group>"; };
		9514EDAA1C33D11B00FD7798 /* UMSShareListController.xib */ = {isa = PBXFileReference; fileEncoding = 4; lastKnownFileType = file.xib; path = UMSShareListController.xib; sourceTree = "<group>"; };
		9514EDAB1C33D11B00FD7798 /* UMSocialSDKResourcesNew.bundle */ = {isa = PBXFileReference; lastKnownFileType = "wrapper.plug-in"; path = UMSocialSDKResourcesNew.bundle; sourceTree = "<group>"; };
		9514EDAC1C33D11B00FD7798 /* zh-Hans */ = {isa = PBXFileReference; lastKnownFileType = text.plist.strings; name = "zh-Hans"; path = "zh-Hans.lproj/UMSocialLocalizable.strings"; sourceTree = "<group>"; };
		9514EDAF1C33D11B00FD7798 /* libSocialSina.a */ = {isa = PBXFileReference; lastKnownFileType = archive.ar; path = libSocialSina.a; sourceTree = "<group>"; };
		9514EDB01C33D11B00FD7798 /* UMSocialSinaHandler.h */ = {isa = PBXFileReference; fileEncoding = 4; lastKnownFileType = sourcecode.c.h; path = UMSocialSinaHandler.h; sourceTree = "<group>"; };
		9514EDB21C33D11B00FD7798 /* libSocialWechat.a */ = {isa = PBXFileReference; lastKnownFileType = archive.ar; path = libSocialWechat.a; sourceTree = "<group>"; };
		9514EDB31C33D11B00FD7798 /* libWeChatSDK.a */ = {isa = PBXFileReference; lastKnownFileType = archive.ar; path = libWeChatSDK.a; sourceTree = "<group>"; };
		9514EDB41C33D11B00FD7798 /* UMSocialWechatHandler.h */ = {isa = PBXFileReference; fileEncoding = 4; lastKnownFileType = sourcecode.c.h; path = UMSocialWechatHandler.h; sourceTree = "<group>"; };
		9514EDB51C33D11B00FD7798 /* WXApi.h */ = {isa = PBXFileReference; fileEncoding = 4; lastKnownFileType = sourcecode.c.h; path = WXApi.h; sourceTree = "<group>"; };
		9514EDB61C33D11B00FD7798 /* WXApiObject.h */ = {isa = PBXFileReference; fileEncoding = 4; lastKnownFileType = sourcecode.c.h; path = WXApiObject.h; sourceTree = "<group>"; };
		9514EDD51C33D1FE00FD7798 /* RegExCategories.h */ = {isa = PBXFileReference; fileEncoding = 4; lastKnownFileType = sourcecode.c.h; path = RegExCategories.h; sourceTree = "<group>"; };
		9515A1FF1C5C92E00016F8B7 /* AboutWeViewController.xib */ = {isa = PBXFileReference; fileEncoding = 4; lastKnownFileType = file.xib; path = AboutWeViewController.xib; sourceTree = "<group>"; };
		9515A2001C5C92E10016F8B7 /* MyCenterViewController.xib */ = {isa = PBXFileReference; fileEncoding = 4; lastKnownFileType = file.xib; path = MyCenterViewController.xib; sourceTree = "<group>"; };
		9515A2011C5C92E10016F8B7 /* OrderViewController.xib */ = {isa = PBXFileReference; fileEncoding = 4; lastKnownFileType = file.xib; path = OrderViewController.xib; sourceTree = "<group>"; };
		9515A2021C5C92E10016F8B7 /* SettingCell.xib */ = {isa = PBXFileReference; fileEncoding = 4; lastKnownFileType = file.xib; path = SettingCell.xib; sourceTree = "<group>"; };
		9515A2031C5C92E10016F8B7 /* ShakeViewController.xib */ = {isa = PBXFileReference; fileEncoding = 4; lastKnownFileType = file.xib; path = ShakeViewController.xib; sourceTree = "<group>"; };
		951ADFA61C4B73CF005795BC /* NavigatorViewController.swift */ = {isa = PBXFileReference; fileEncoding = 4; lastKnownFileType = sourcecode.swift; path = NavigatorViewController.swift; sourceTree = "<group>"; };
		951ADFA81C4B798C005795BC /* String+wnxString.swift */ = {isa = PBXFileReference; fileEncoding = 4; lastKnownFileType = sourcecode.swift; path = "String+wnxString.swift"; sourceTree = "<group>"; };
		951ADFAA1C4BE728005795BC /* ExperHeadView.swift */ = {isa = PBXFileReference; fileEncoding = 4; lastKnownFileType = sourcecode.swift; path = ExperHeadView.swift; sourceTree = "<group>"; };
		951ADFAC1C4BE783005795BC /* ExperienceModel.swift */ = {isa = PBXFileReference; fileEncoding = 4; lastKnownFileType = sourcecode.swift; path = ExperienceModel.swift; sourceTree = "<group>"; };
		95206FEA1C340BC90011544F /* CoreLocation.framework */ = {isa = PBXFileReference; lastKnownFileType = wrapper.framework; name = CoreLocation.framework; path = System/Library/Frameworks/CoreLocation.framework; sourceTree = SDKROOT; };
		9524342E1C575D4000411125 /* SignUpViewController.xib */ = {isa = PBXFileReference; fileEncoding = 4; lastKnownFileType = file.xib; path = SignUpViewController.xib; sourceTree = "<group>"; };
		952ACEE41C1C593400C9CA11 /* LeadpageViewController.swift */ = {isa = PBXFileReference; fileEncoding = 4; lastKnownFileType = sourcecode.swift; path = LeadpageViewController.swift; sourceTree = "<group>"; };
		952ACEE61C1C5BC800C9CA11 /* fourpage-375w-667h@2x.jpg */ = {isa = PBXFileReference; lastKnownFileType = image.jpeg; path = "fourpage-375w-667h@2x.jpg"; sourceTree = "<group>"; };
		952ACEE71C1C5BC800C9CA11 /* fourpage-414w-736h@3x.jpg */ = {isa = PBXFileReference; lastKnownFileType = image.jpeg; path = "fourpage-414w-736h@3x.jpg"; sourceTree = "<group>"; };
		952ACEE81C1C5BC800C9CA11 /* fourpage-568h@2x.jpg */ = {isa = PBXFileReference; lastKnownFileType = image.jpeg; path = "fourpage-568h@2x.jpg"; sourceTree = "<group>"; };
		952ACEE91C1C5BC800C9CA11 /* fourpage@2x.jpg */ = {isa = PBXFileReference; lastKnownFileType = image.jpeg; path = "fourpage@2x.jpg"; sourceTree = "<group>"; };
		952ACEEE1C1C5BF400C9CA11 /* 798 */ = {isa = PBXFileReference; fileEncoding = 4; lastKnownFileType = text; path = 798; sourceTree = "<group>"; };
		952ACEEF1C1C5BF400C9CA11 /* 南锣鼓巷 */ = {isa = PBXFileReference; fileEncoding = 4; lastKnownFileType = text; path = "南锣鼓巷"; sourceTree = "<group>"; };
		952ACEF01C1C5BF400C9CA11 /* 三里屯 */ = {isa = PBXFileReference; fileEncoding = 4; lastKnownFileType = text; path = "三里屯"; sourceTree = "<group>"; };
		952ACEF11C1C5BF400C9CA11 /* Classify */ = {isa = PBXFileReference; fileEncoding = 4; lastKnownFileType = text; path = Classify; sourceTree = "<group>"; };
		952ACEF21C1C5BF400C9CA11 /* Details */ = {isa = PBXFileReference; fileEncoding = 4; lastKnownFileType = text; path = Details; sourceTree = "<group>"; };
		952ACEF31C1C5BF400C9CA11 /* events */ = {isa = PBXFileReference; fileEncoding = 4; lastKnownFileType = text; path = events; sourceTree = "<group>"; };
		952ACEF41C1C5BF400C9CA11 /* Experience */ = {isa = PBXFileReference; fileEncoding = 4; lastKnownFileType = text; path = Experience; sourceTree = "<group>"; };
		952ACEF51C1C5BF400C9CA11 /* More */ = {isa = PBXFileReference; fileEncoding = 4; lastKnownFileType = text; path = More; sourceTree = "<group>"; };
		952ACEF61C1C5BF400C9CA11 /* Nears */ = {isa = PBXFileReference; fileEncoding = 4; lastKnownFileType = text; path = Nears; sourceTree = "<group>"; };
		952ACEF71C1C5BF400C9CA11 /* themes */ = {isa = PBXFileReference; fileEncoding = 4; lastKnownFileType = text; path = themes; sourceTree = "<group>"; };
		952ACF041C1C5F9D00C9CA11 /* LaunchScreen.xib */ = {isa = PBXFileReference; fileEncoding = 4; lastKnownFileType = file.xib; path = LaunchScreen.xib; sourceTree = "<group>"; };
		952ACF061C1C63D900C9CA11 /* Images.xcassets */ = {isa = PBXFileReference; lastKnownFileType = folder.assetcatalog; path = Images.xcassets; sourceTree = "<group>"; };
		952ACF0A1C1C7B4200C9CA11 /* ExploreViewController.swift */ = {isa = PBXFileReference; fileEncoding = 4; lastKnownFileType = sourcecode.swift; path = ExploreViewController.swift; sourceTree = "<group>"; };
		952ACF0C1C1C806E00C9CA11 /* UIView+wnxView.swift */ = {isa = PBXFileReference; fileEncoding = 4; lastKnownFileType = sourcecode.swift; path = "UIView+wnxView.swift"; sourceTree = "<group>"; };
		952ACF0E1C1C98E600C9CA11 /* ExperienceViewController.swift */ = {isa = PBXFileReference; fileEncoding = 4; lastKnownFileType = sourcecode.swift; path = ExperienceViewController.swift; sourceTree = "<group>"; };
		952ACF101C1C9D5000C9CA11 /* ClassifyViewController.swift */ = {isa = PBXFileReference; fileEncoding = 4; lastKnownFileType = sourcecode.swift; path = ClassifyViewController.swift; sourceTree = "<group>"; };
		952ACF121C1C9DAB00C9CA11 /* MeViewController.swift */ = {isa = PBXFileReference; fileEncoding = 4; lastKnownFileType = sourcecode.swift; path = MeViewController.swift; sourceTree = "<group>"; };
		953935691C3E8BC200CDB7C7 /* MAMapKit.framework */ = {isa = PBXFileReference; lastKnownFileType = wrapper.framework; name = MAMapKit.framework; path = Pods/AMap2DMap/MAMapKit.framework; sourceTree = "<group>"; };
		95430A781C1BDCA000CCFDC8 /* theme.swift */ = {isa = PBXFileReference; fileEncoding = 4; lastKnownFileType = sourcecode.swift; path = theme.swift; sourceTree = "<group>"; };
		95430A7A1C1BE34B00CCFDC8 /* UIColor+wnxColor.swift */ = {isa = PBXFileReference; fileEncoding = 4; lastKnownFileType = sourcecode.swift; path = "UIColor+wnxColor.swift"; sourceTree = "<group>"; };
		954C182F1C60ABDC006A4D8F /* EventCellTableViewCell.xib */ = {isa = PBXFileReference; fileEncoding = 4; lastKnownFileType = file.xib; path = EventCellTableViewCell.xib; sourceTree = "<group>"; };
		955ED5681C1C47B40054494E /* MainNavigationController.swift */ = {isa = PBXFileReference; fileEncoding = 4; lastKnownFileType = sourcecode.swift; path = MainNavigationController.swift; sourceTree = "<group>"; };
		956664CB1C1D7D7F0083F9B3 /* CityCollectionViewCell.swift */ = {isa = PBXFileReference; fileEncoding = 4; lastKnownFileType = sourcecode.swift; path = CityCollectionViewCell.swift; sourceTree = "<group>"; };
		956664CD1C1D7E1C0083F9B3 /* CityHeadCollectionReusableView.swift */ = {isa = PBXFileReference; fileEncoding = 4; lastKnownFileType = sourcecode.swift; path = CityHeadCollectionReusableView.swift; sourceTree = "<group>"; };
		956664CF1C2010480083F9B3 /* IconView.swift */ = {isa = PBXFileReference; fileEncoding = 4; lastKnownFileType = sourcecode.swift; path = IconView.swift; sourceTree = "<group>"; };
		956664D11C20134E0083F9B3 /* UIImage+wnxImage.swift */ = {isa = PBXFileReference; fileEncoding = 4; lastKnownFileType = sourcecode.swift; name = "UIImage+wnxImage.swift"; path = "../Other/UIImage+wnxImage.swift"; sourceTree = "<group>"; };
		956664D31C2018750083F9B3 /* MyCenterViewController.swift */ = {isa = PBXFileReference; fileEncoding = 4; lastKnownFileType = sourcecode.swift; path = MyCenterViewController.swift; sourceTree = "<group>"; };
		956664D71C2020AF0083F9B3 /* UserAccountTool.swift */ = {isa = PBXFileReference; fileEncoding = 4; lastKnownFileType = sourcecode.swift; name = UserAccountTool.swift; path = ../UI/Other/UserAccountTool.swift; sourceTree = "<group>"; };
		956664D91C2021120083F9B3 /* LoginViewController.swift */ = {isa = PBXFileReference; fileEncoding = 4; lastKnownFileType = sourcecode.swift; path = LoginViewController.swift; sourceTree = "<group>"; };
		956664DB1C20233F0083F9B3 /* OrderViewController.swift */ = {isa = PBXFileReference; fileEncoding = 4; lastKnownFileType = sourcecode.swift; path = OrderViewController.swift; sourceTree = "<group>"; };
		956664DF1C2023B30083F9B3 /* SettingViewController.swift */ = {isa = PBXFileReference; fileEncoding = 4; lastKnownFileType = sourcecode.swift; path = SettingViewController.swift; sourceTree = "<group>"; };
		956664E11C2023FA0083F9B3 /* SettingCell.swift */ = {isa = PBXFileReference; fileEncoding = 4; lastKnownFileType = sourcecode.swift; path = SettingCell.swift; sourceTree = "<group>"; };
		956664E51C2024C70083F9B3 /* FeedbackViewController.swift */ = {isa = PBXFileReference; fileEncoding = 4; lastKnownFileType = sourcecode.swift; path = FeedbackViewController.swift; sourceTree = "<group>"; };
		956664E71C2025090083F9B3 /* ShakeViewController.swift */ = {isa = PBXFileReference; fileEncoding = 4; lastKnownFileType = sourcecode.swift; path = ShakeViewController.swift; sourceTree = "<group>"; };
		956664EB1C20253A0083F9B3 /* AboutWeViewController.swift */ = {isa = PBXFileReference; fileEncoding = 4; lastKnownFileType = sourcecode.swift; path = AboutWeViewController.swift; sourceTree = "<group>"; };
		956664EF1C20256C0083F9B3 /* RecommendViewController.swift */ = {isa = PBXFileReference; fileEncoding = 4; lastKnownFileType = sourcecode.swift; path = RecommendViewController.swift; sourceTree = "<group>"; };
		956664F11C206A3E0083F9B3 /* ClassifyModel.swift */ = {isa = PBXFileReference; fileEncoding = 4; lastKnownFileType = sourcecode.swift; path = ClassifyModel.swift; sourceTree = "<group>"; };
		956664F31C2163CD0083F9B3 /* EveryDayModel.swift */ = {isa = PBXFileReference; fileEncoding = 4; lastKnownFileType = sourcecode.swift; path = EveryDayModel.swift; sourceTree = "<group>"; };
		956664F51C2164640083F9B3 /* SwiftDictModel.swift */ = {isa = PBXFileReference; fileEncoding = 4; lastKnownFileType = sourcecode.swift; path = SwiftDictModel.swift; sourceTree = "<group>"; };
		956664F71C2165A70083F9B3 /* glass.wav */ = {isa = PBXFileReference; lastKnownFileType = audio.wav; path = glass.wav; sourceTree = "<group>"; };
		956664FB1C2172030083F9B3 /* FileTool.swift */ = {isa = PBXFileReference; fileEncoding = 4; lastKnownFileType = sourcecode.swift; path = FileTool.swift; sourceTree = "<group>"; };
		956664FD1C2172DC0083F9B3 /* ShareView.swift */ = {isa = PBXFileReference; fileEncoding = 4; lastKnownFileType = sourcecode.swift; path = ShareView.swift; sourceTree = "<group>"; };
		956664FF1C21736D0083F9B3 /* ShareView.xib */ = {isa = PBXFileReference; fileEncoding = 4; lastKnownFileType = file.xib; path = ShareView.xib; sourceTree = "<group>"; };
		956665011C219ECC0083F9B3 /* ShareModel.swift */ = {isa = PBXFileReference; fileEncoding = 4; lastKnownFileType = sourcecode.swift; path = ShareModel.swift; sourceTree = "<group>"; };
		958EDE231C61DFC10052C1F2 /* CustomAnnotationView.swift */ = {isa = PBXFileReference; fileEncoding = 4; lastKnownFileType = sourcecode.swift; path = CustomAnnotationView.swift; sourceTree = "<group>"; };
		958EDE251C61E0090052C1F2 /* CustomCalloutView.swift */ = {isa = PBXFileReference; fileEncoding = 4; lastKnownFileType = sourcecode.swift; path = CustomCalloutView.swift; sourceTree = "<group>"; };
		958EDE271C61E63E0052C1F2 /* author@2x.png */ = {isa = PBXFileReference; lastKnownFileType = image.png; path = "author@2x.png"; sourceTree = "<group>"; };
		959AB4411C1D61C30053111F /* DoubleTextView.swift */ = {isa = PBXFileReference; fileEncoding = 4; lastKnownFileType = sourcecode.swift; path = DoubleTextView.swift; sourceTree = "<group>"; };
		959BDED01C3402F600DF668A /* libsqlite3.tbd */ = {isa = PBXFileReference; lastKnownFileType = "sourcecode.text-based-dylib-definition"; name = libsqlite3.tbd; path = usr/lib/libsqlite3.tbd; sourceTree = SDKROOT; };
		959D2E901C4F7AEF000A47BE /* ShareTool.swift */ = {isa = PBXFileReference; fileEncoding = 4; lastKnownFileType = sourcecode.swift; path = ShareTool.swift; sourceTree = "<group>"; };
		95D456411C1AFB0B00A732F5 /* ZYsmallDay.app */ = {isa = PBXFileReference; explicitFileType = wrapper.application; includeInIndex = 0; path = ZYsmallDay.app; sourceTree = BUILT_PRODUCTS_DIR; };
		95D456441C1AFB0B00A732F5 /* AppDelegate.swift */ = {isa = PBXFileReference; lastKnownFileType = sourcecode.swift; path = AppDelegate.swift; sourceTree = "<group>"; };
		95D456501C1AFB0B00A732F5 /* Info.plist */ = {isa = PBXFileReference; lastKnownFileType = text.plist.xml; path = Info.plist; sourceTree = "<group>"; };
		95D51B0E1C42373800AB56D6 /* LoadAnimatImageView.swift */ = {isa = PBXFileReference; fileEncoding = 4; lastKnownFileType = sourcecode.swift; path = LoadAnimatImageView.swift; sourceTree = "<group>"; };
		95D6E2E21C4E68CB009978B5 /* RegExCategories.m */ = {isa = PBXFileReference; fileEncoding = 4; lastKnownFileType = sourcecode.c.objc; path = RegExCategories.m; sourceTree = "<group>"; };
		95DCB4081C3FB16600D5F77D /* ClassDetailViewController.swift */ = {isa = PBXFileReference; fileEncoding = 4; lastKnownFileType = sourcecode.swift; path = ClassDetailViewController.swift; sourceTree = "<group>"; };
		95DCB40A1C3FB68600D5F77D /* UIImageView+wnxImage.swift */ = {isa = PBXFileReference; fileEncoding = 4; lastKnownFileType = sourcecode.swift; path = "UIImageView+wnxImage.swift"; sourceTree = "<group>"; };
		95DCB40C1C3FC63900D5F77D /* UIBarButtonItem+wxnBarButtonItem.swift */ = {isa = PBXFileReference; fileEncoding = 4; lastKnownFileType = sourcecode.swift; path = "UIBarButtonItem+wxnBarButtonItem.swift"; sourceTree = "<group>"; };
		95EC15741C4D1B56007DB8F5 /* ExperHeadPushViewController.swift */ = {isa = PBXFileReference; fileEncoding = 4; lastKnownFileType = sourcecode.swift; path = ExperHeadPushViewController.swift; sourceTree = "<group>"; };
		95EC15761C4D1B7A007DB8F5 /* ExperienceWebView.swift */ = {isa = PBXFileReference; fileEncoding = 4; lastKnownFileType = sourcecode.swift; path = ExperienceWebView.swift; sourceTree = "<group>"; };
		95EC157A1C4D1BBA007DB8F5 /* ExploreBottomView.swift */ = {isa = PBXFileReference; fileEncoding = 4; lastKnownFileType = sourcecode.swift; path = ExploreBottomView.swift; sourceTree = "<group>"; };
		95EC157C1C4D1BD3007DB8F5 /* ExploreBottomView.xib */ = {isa = PBXFileReference; fileEncoding = 4; lastKnownFileType = file.xib; path = ExploreBottomView.xib; sourceTree = "<group>"; };
		95EC157E1C4D1C1F007DB8F5 /* ExperienceCell.swift */ = {isa = PBXFileReference; fileEncoding = 4; lastKnownFileType = sourcecode.swift; path = ExperienceCell.swift; sourceTree = "<group>"; };
		95EC157F1C4D1C1F007DB8F5 /* ExperienceCell.xib */ = {isa = PBXFileReference; fileEncoding = 4; lastKnownFileType = file.xib; path = ExperienceCell.xib; sourceTree = "<group>"; };
		95EC15821C4D1C45007DB8F5 /* SignUpViewController.swift */ = {isa = PBXFileReference; fileEncoding = 4; lastKnownFileType = sourcecode.swift; path = SignUpViewController.swift; sourceTree = "<group>"; };
		95EC15861C4D1C61007DB8F5 /* BuyDetailViewController.swift */ = {isa = PBXFileReference; fileEncoding = 4; lastKnownFileType = sourcecode.swift; path = BuyDetailViewController.swift; sourceTree = "<group>"; };
		95F6E33C1C4500CD0062DB4F /* ShopDetailView.swift */ = {isa = PBXFileReference; fileEncoding = 4; lastKnownFileType = sourcecode.swift; path = ShopDetailView.swift; sourceTree = "<group>"; };
		DA1BA8CEFAD216CD180E0FD0 /* Pods_ZYsmallDay.framework */ = {isa = PBXFileReference; explicitFileType = wrapper.framework; includeInIndex = 0; path = Pods_ZYsmallDay.framework; sourceTree = BUILT_PRODUCTS_DIR; };
/* End PBXFileReference section */

/* Begin PBXFrameworksBuildPhase section */
		95D4563E1C1AFB0B00A732F5 /* Frameworks */ = {
			isa = PBXFrameworksBuildPhase;
			buildActionMask = 2147483647;
			files = (
				9539356A1C3E8BC200CDB7C7 /* MAMapKit.framework in Frameworks */,
				95206FEB1C340BC90011544F /* CoreLocation.framework in Frameworks */,
				959BDED11C3402F600DF668A /* libsqlite3.tbd in Frameworks */,
				9514EDC81C33D11B00FD7798 /* libUMSocial_Sdk_4.2.3.a in Frameworks */,
				9514EDD31C33D11C00FD7798 /* libSocialWechat.a in Frameworks */,
				9514EDD21C33D11B00FD7798 /* libSocialSina.a in Frameworks */,
				9514EDD41C33D11C00FD7798 /* libWeChatSDK.a in Frameworks */,
				DF111BC6C15D52475989F39B /* Pods_ZYsmallDay.framework in Frameworks */,
			);
			runOnlyForDeploymentPostprocessing = 0;
		};
/* End PBXFrameworksBuildPhase section */

/* Begin PBXGroup section */
		7F475F0C3EE1B7B0FFCEC0FE /* Frameworks */ = {
			isa = PBXGroup;
			children = (
				953935691C3E8BC200CDB7C7 /* MAMapKit.framework */,
				95206FEA1C340BC90011544F /* CoreLocation.framework */,
				959BDED01C3402F600DF668A /* libsqlite3.tbd */,
				DA1BA8CEFAD216CD180E0FD0 /* Pods_ZYsmallDay.framework */,
			);
			name = Frameworks;
			sourceTree = "<group>";
		};
		950C15DB1C1BCFB4000929F5 /* Classes */ = {
			isa = PBXGroup;
			children = (
				950C15DC1C1BCFB4000929F5 /* BusinessModel */,
				950C15DD1C1BCFB4000929F5 /* CustomData */,
				950C15DE1C1BCFB4000929F5 /* imageFile */,
				950C15DF1C1BCFB4000929F5 /* Tools */,
				950C15E01C1BCFB4000929F5 /* UI */,
			);
			path = Classes;
			sourceTree = "<group>";
		};
		950C15DC1C1BCFB4000929F5 /* BusinessModel */ = {
			isa = PBXGroup;
			children = (
				956664F11C206A3E0083F9B3 /* ClassifyModel.swift */,
				956664F31C2163CD0083F9B3 /* EveryDayModel.swift */,
				956665011C219ECC0083F9B3 /* ShareModel.swift */,
				951ADFAC1C4BE783005795BC /* ExperienceModel.swift */,
			);
			path = BusinessModel;
			sourceTree = "<group>";
		};
		950C15DD1C1BCFB4000929F5 /* CustomData */ = {
			isa = PBXGroup;
			children = (
				952ACEEE1C1C5BF400C9CA11 /* 798 */,
				952ACEEF1C1C5BF400C9CA11 /* 南锣鼓巷 */,
				952ACEF01C1C5BF400C9CA11 /* 三里屯 */,
				952ACEF11C1C5BF400C9CA11 /* Classify */,
				952ACEF21C1C5BF400C9CA11 /* Details */,
				952ACEF31C1C5BF400C9CA11 /* events */,
				952ACEF41C1C5BF400C9CA11 /* Experience */,
				952ACEF51C1C5BF400C9CA11 /* More */,
				952ACEF61C1C5BF400C9CA11 /* Nears */,
				952ACEF71C1C5BF400C9CA11 /* themes */,
			);
			path = CustomData;
			sourceTree = "<group>";
		};
		950C15DE1C1BCFB4000929F5 /* imageFile */ = {
			isa = PBXGroup;
			children = (
				952ACEE61C1C5BC800C9CA11 /* fourpage-375w-667h@2x.jpg */,
				952ACEE71C1C5BC800C9CA11 /* fourpage-414w-736h@3x.jpg */,
				952ACEE81C1C5BC800C9CA11 /* fourpage-568h@2x.jpg */,
				952ACEE91C1C5BC800C9CA11 /* fourpage@2x.jpg */,
			);
			path = imageFile;
			sourceTree = "<group>";
		};
		950C15DF1C1BCFB4000929F5 /* Tools */ = {
			isa = PBXGroup;
			children = (
				956664F51C2164640083F9B3 /* SwiftDictModel.swift */,
				956664FB1C2172030083F9B3 /* FileTool.swift */,
				959D2E901C4F7AEF000A47BE /* ShareTool.swift */,
				9514ED6D1C33C9B000FD7798 /* UserInfoManager.swift */,
				956664D71C2020AF0083F9B3 /* UserAccountTool.swift */,
				951373D91C3C0312007610CE /* String+Hash.swift */,
			);
			path = Tools;
			sourceTree = "<group>";
		};
		950C15E01C1BCFB4000929F5 /* UI */ = {
			isa = PBXGroup;
			children = (
				950C15E81C1BCFB4000929F5 /* Other */,
				950C15E11C1BCFB4000929F5 /* Classify */,
				950C15E21C1BCFB4000929F5 /* Experience */,
				950C15E31C1BCFB4000929F5 /* Explore */,
				950C15E41C1BCFB4000929F5 /* extension */,
				950C15E51C1BCFB4000929F5 /* Main */,
				950C15E71C1BCFB4000929F5 /* Me */,
			);
			path = UI;
			sourceTree = "<group>";
		};
		950C15E11C1BCFB4000929F5 /* Classify */ = {
			isa = PBXGroup;
			children = (
				952ACF101C1C9D5000C9CA11 /* ClassifyViewController.swift */,
				95DCB4081C3FB16600D5F77D /* ClassDetailViewController.swift */,
				950315931C412F10009165F5 /* DetailCell.swift */,
				950315941C412F10009165F5 /* DetailCell.xib */,
				951304741C54C1A40007EC50 /* ClassifyCell.swift */,
				951304751C54C1A40007EC50 /* ClassifyCell.xib */,
				951304781C54C1D70007EC50 /* SearchViewController.swift */,
				9513047A1C54C1F50007EC50 /* SearchView.swift */,
				9513047C1C54C2110007EC50 /* SearchButton.swift */,
				9513047E1C54C22F0007EC50 /* SearchTextField.swift */,
			);
			path = Classify;
			sourceTree = "<group>";
		};
		950C15E21C1BCFB4000929F5 /* Experience */ = {
			isa = PBXGroup;
			children = (
				952ACF0E1C1C98E600C9CA11 /* ExperienceViewController.swift */,
				95EC15741C4D1B56007DB8F5 /* ExperHeadPushViewController.swift */,
				951ADFAA1C4BE728005795BC /* ExperHeadView.swift */,
				9507A3311C43984A00E760AF /* DetailViewController.swift */,
				95EC15761C4D1B7A007DB8F5 /* ExperienceWebView.swift */,
				95EC157A1C4D1BBA007DB8F5 /* ExploreBottomView.swift */,
				95EC157C1C4D1BD3007DB8F5 /* ExploreBottomView.xib */,
				95EC157E1C4D1C1F007DB8F5 /* ExperienceCell.swift */,
				95EC157F1C4D1C1F007DB8F5 /* ExperienceCell.xib */,
				95EC15821C4D1C45007DB8F5 /* SignUpViewController.swift */,
				9524342E1C575D4000411125 /* SignUpViewController.xib */,
				95EC15861C4D1C61007DB8F5 /* BuyDetailViewController.swift */,
			);
			path = Experience;
			sourceTree = "<group>";
		};
		950C15E31C1BCFB4000929F5 /* Explore */ = {
			isa = PBXGroup;
			children = (
				952ACF0A1C1C7B4200C9CA11 /* ExploreViewController.swift */,
				959AB4411C1D61C30053111F /* DoubleTextView.swift */,
				951373DB1C3C0920007610CE /* NearViewController.swift */,
				951373DD1C3C0958007610CE /* WNXMapView.swift */,
				951373DF1C3C0998007610CE /* nearCell.swift */,
				951373E01C3C0998007610CE /* nearCell.xib */,
				951373E31C3C09E2007610CE /* EventCellTableViewCell.swift */,
				954C182F1C60ABDC006A4D8F /* EventCellTableViewCell.xib */,
				951373E91C3C0A1E007610CE /* ThemeCell.swift */,
				951373EA1C3C0A1E007610CE /* ThemeCell.xib */,
				951373ED1C3C0A47007610CE /* EventViewController.swift */,
				951373EF1C3C0A69007610CE /* EventWebView.swift */,
				951373F11C3C0A98007610CE /* ThemeViewController.swift */,
				951373F31C3C0AC9007610CE /* ShopDetailContentView.swift */,
				951373F51C3C0AF4007610CE /* ShopDetailContentView.xib */,
				951373F71C3C0B09007610CE /* MoreView.swift */,
				951373F91C3C0B14007610CE /* MoreView.xib */,
				951373FB1C3C0B2E007610CE /* GuessLikeView.swift */,
				951373FD1C3C0B38007610CE /* GuessLikeView.xib */,
			);
			path = Explore;
			sourceTree = "<group>";
		};
		950C15E41C1BCFB4000929F5 /* extension */ = {
			isa = PBXGroup;
			children = (
				95430A7A1C1BE34B00CCFDC8 /* UIColor+wnxColor.swift */,
				95DCB40C1C3FC63900D5F77D /* UIBarButtonItem+wxnBarButtonItem.swift */,
				951ADFA81C4B798C005795BC /* String+wnxString.swift */,
				9514EDD51C33D1FE00FD7798 /* RegExCategories.h */,
				95D6E2E21C4E68CB009978B5 /* RegExCategories.m */,
				952ACF0C1C1C806E00C9CA11 /* UIView+wnxView.swift */,
				956664D11C20134E0083F9B3 /* UIImage+wnxImage.swift */,
				95DCB40A1C3FB68600D5F77D /* UIImageView+wnxImage.swift */,
			);
			path = extension;
			sourceTree = "<group>";
		};
		950C15E51C1BCFB4000929F5 /* Main */ = {
			isa = PBXGroup;
			children = (
				950C15E61C1BCFB4000929F5 /* MainTabBarController.swift */,
				950C15EB1C1BD286000929F5 /* MainViewController.swift */,
				951373FF1C3C0BE5007610CE /* MainTableView.swift */,
				955ED5681C1C47B40054494E /* MainNavigationController.swift */,
				952ACEE41C1C593400C9CA11 /* LeadpageViewController.swift */,
				95D51B0E1C42373800AB56D6 /* LoadAnimatImageView.swift */,
				950C15ED1C1BD351000929F5 /* CityViewController.swift */,
				956664CB1C1D7D7F0083F9B3 /* CityCollectionViewCell.swift */,
				956664CD1C1D7E1C0083F9B3 /* CityHeadCollectionReusableView.swift */,
				956664D91C2021120083F9B3 /* LoginViewController.swift */,
				951374011C3C19C2007610CE /* SDRefreshHeader.swift */,
				951ADFA61C4B73CF005795BC /* NavigatorViewController.swift */,
				958EDE231C61DFC10052C1F2 /* CustomAnnotationView.swift */,
				958EDE251C61E0090052C1F2 /* CustomCalloutView.swift */,
				956664FD1C2172DC0083F9B3 /* ShareView.swift */,
				956664FF1C21736D0083F9B3 /* ShareView.xib */,
				95F6E33C1C4500CD0062DB4F /* ShopDetailView.swift */,
			);
			path = Main;
			sourceTree = "<group>";
		};
		950C15E71C1BCFB4000929F5 /* Me */ = {
			isa = PBXGroup;
			children = (
				952ACF121C1C9DAB00C9CA11 /* MeViewController.swift */,
				956664EF1C20256C0083F9B3 /* RecommendViewController.swift */,
				956664D31C2018750083F9B3 /* MyCenterViewController.swift */,
				9515A2001C5C92E10016F8B7 /* MyCenterViewController.xib */,
				956664CF1C2010480083F9B3 /* IconView.swift */,
				956664DB1C20233F0083F9B3 /* OrderViewController.swift */,
				9515A2011C5C92E10016F8B7 /* OrderViewController.xib */,
				956664DF1C2023B30083F9B3 /* SettingViewController.swift */,
				956664E11C2023FA0083F9B3 /* SettingCell.swift */,
				9515A2021C5C92E10016F8B7 /* SettingCell.xib */,
				956664E51C2024C70083F9B3 /* FeedbackViewController.swift */,
				956664E71C2025090083F9B3 /* ShakeViewController.swift */,
				9515A2031C5C92E10016F8B7 /* ShakeViewController.xib */,
				956664EB1C20253A0083F9B3 /* AboutWeViewController.swift */,
				9515A1FF1C5C92E00016F8B7 /* AboutWeViewController.xib */,
			);
			path = Me;
			sourceTree = "<group>";
		};
		950C15E81C1BCFB4000929F5 /* Other */ = {
			isa = PBXGroup;
			children = (
				95430A781C1BDCA000CCFDC8 /* theme.swift */,
			);
			path = Other;
			sourceTree = "<group>";
		};
		9514ED6F1C33D11B00FD7798 /* Venders */ = {
			isa = PBXGroup;
			children = (
				9514ED921C33D11B00FD7798 /* UMSocial_Sdk_4.2.3 */,
				9514EDAD1C33D11B00FD7798 /* UMSocial_Sdk_Extra_Frameworks */,
			);
			name = Venders;
			path = Classes/Venders;
			sourceTree = "<group>";
		};
		9514ED921C33D11B00FD7798 /* UMSocial_Sdk_4.2.3 */ = {
			isa = PBXGroup;
			children = (
				9514ED931C33D11B00FD7798 /* UMSocialLocalizable.strings */,
				9514ED951C33D11B00FD7798 /* Header */,
				9514EDA11C33D11B00FD7798 /* libUMSocial_Sdk_4.2.3.a */,
				9514EDA21C33D11B00FD7798 /* SocialSDKXib */,
				9514EDAB1C33D11B00FD7798 /* UMSocialSDKResourcesNew.bundle */,
			);
			path = UMSocial_Sdk_4.2.3;
			sourceTree = "<group>";
		};
		9514ED951C33D11B00FD7798 /* Header */ = {
			isa = PBXGroup;
			children = (
				9514ED961C33D11B00FD7798 /* UMSocial.h */,
				9514ED971C33D11B00FD7798 /* UMSocialAccountManager.h */,
				9514ED981C33D11B00FD7798 /* UMSocialBar.h */,
				9514ED991C33D11B00FD7798 /* UMSocialConfig.h */,
				9514ED9A1C33D11B00FD7798 /* UMSocialControllerService.h */,
				9514ED9B1C33D11B00FD7798 /* UMSocialControllerServiceComment.h */,
				9514ED9C1C33D11B00FD7798 /* UMSocialData.h */,
				9514ED9D1C33D11B00FD7798 /* UMSocialDataService.h */,
				9514ED9E1C33D11B00FD7798 /* UMSocialSnsData.h */,
				9514ED9F1C33D11B00FD7798 /* UMSocialSnsPlatformManager.h */,
				9514EDA01C33D11B00FD7798 /* UMSocialSnsService.h */,
			);
			path = Header;
			sourceTree = "<group>";
		};
		9514EDA21C33D11B00FD7798 /* SocialSDKXib */ = {
			isa = PBXGroup;
			children = (
				9514EDA31C33D11B00FD7798 /* UMSCommentDetailController.xib */,
				9514EDA41C33D11B00FD7798 /* UMSCommentInputController.xib */,
				9514EDA51C33D11B00FD7798 /* UMSCommentInputControlleriPad.xib */,
				9514EDA61C33D11B00FD7798 /* UMShareEditViewController.xib */,
				9514EDA71C33D11B00FD7798 /* UMShareEditViewControlleriPad.xib */,
				9514EDA81C33D11B00FD7798 /* UMSLoginViewController.xib */,
				9514EDA91C33D11B00FD7798 /* UMSnsAccountViewController.xib */,
				9514EDAA1C33D11B00FD7798 /* UMSShareListController.xib */,
			);
			path = SocialSDKXib;
			sourceTree = "<group>";
		};
		9514EDAD1C33D11B00FD7798 /* UMSocial_Sdk_Extra_Frameworks */ = {
			isa = PBXGroup;
			children = (
				9514EDAE1C33D11B00FD7798 /* Sina */,
				9514EDB11C33D11B00FD7798 /* Wechat */,
			);
			path = UMSocial_Sdk_Extra_Frameworks;
			sourceTree = "<group>";
		};
		9514EDAE1C33D11B00FD7798 /* Sina */ = {
			isa = PBXGroup;
			children = (
				9514EDAF1C33D11B00FD7798 /* libSocialSina.a */,
				9514EDB01C33D11B00FD7798 /* UMSocialSinaHandler.h */,
			);
			path = Sina;
			sourceTree = "<group>";
		};
		9514EDB11C33D11B00FD7798 /* Wechat */ = {
			isa = PBXGroup;
			children = (
				9514EDB21C33D11B00FD7798 /* libSocialWechat.a */,
				9514EDB31C33D11B00FD7798 /* libWeChatSDK.a */,
				9514EDB41C33D11B00FD7798 /* UMSocialWechatHandler.h */,
				9514EDB51C33D11B00FD7798 /* WXApi.h */,
				9514EDB61C33D11B00FD7798 /* WXApiObject.h */,
			);
			path = Wechat;
			sourceTree = "<group>";
		};
		95D456381C1AFB0B00A732F5 = {
			isa = PBXGroup;
			children = (
				95D456431C1AFB0B00A732F5 /* ZYsmallDay */,
				95D456421C1AFB0B00A732F5 /* Products */,
				7F475F0C3EE1B7B0FFCEC0FE /* Frameworks */,
				B3202F84DB7E20300DA11618 /* Pods */,
			);
			sourceTree = "<group>";
		};
		95D456421C1AFB0B00A732F5 /* Products */ = {
			isa = PBXGroup;
			children = (
				95D456411C1AFB0B00A732F5 /* ZYsmallDay.app */,
			);
			name = Products;
			sourceTree = "<group>";
		};
		95D456431C1AFB0B00A732F5 /* ZYsmallDay */ = {
			isa = PBXGroup;
			children = (
				95D456441C1AFB0B00A732F5 /* AppDelegate.swift */,
				958EDE271C61E63E0052C1F2 /* author@2x.png */,
				95140EE01C315B54005E2708 /* ZYsmallDay-Bridging-Header.h */,
				952ACF041C1C5F9D00C9CA11 /* LaunchScreen.xib */,
				952ACF061C1C63D900C9CA11 /* Images.xcassets */,
				95D456501C1AFB0B00A732F5 /* Info.plist */,
				956664F71C2165A70083F9B3 /* glass.wav */,
				950C15DB1C1BCFB4000929F5 /* Classes */,
				9514ED6F1C33D11B00FD7798 /* Venders */,
			);
			path = ZYsmallDay;
			sourceTree = "<group>";
		};
		B3202F84DB7E20300DA11618 /* Pods */ = {
			isa = PBXGroup;
			children = (
				3A951D6633B67D43F838E33D /* Pods-ZYsmallDay.debug.xcconfig */,
				26D478EE2FCDFE6377D1FB42 /* Pods-ZYsmallDay.release.xcconfig */,
			);
			name = Pods;
			sourceTree = "<group>";
		};
/* End PBXGroup section */

/* Begin PBXNativeTarget section */
		95D456401C1AFB0B00A732F5 /* ZYsmallDay */ = {
			isa = PBXNativeTarget;
			buildConfigurationList = 95D456531C1AFB0B00A732F5 /* Build configuration list for PBXNativeTarget "ZYsmallDay" */;
			buildPhases = (
				88301633328C4DAC59AD4CF9 /* Check Pods Manifest.lock */,
				95D4563D1C1AFB0B00A732F5 /* Sources */,
				95D4563E1C1AFB0B00A732F5 /* Frameworks */,
				95D4563F1C1AFB0B00A732F5 /* Resources */,
				327A49E13E8FEA3290930DC8 /* Embed Pods Frameworks */,
				04F80ECBC535F84B55B8AEED /* Copy Pods Resources */,
			);
			buildRules = (
			);
			dependencies = (
			);
			name = ZYsmallDay;
			productName = ZYsmallDay;
			productReference = 95D456411C1AFB0B00A732F5 /* ZYsmallDay.app */;
			productType = "com.apple.product-type.application";
		};
/* End PBXNativeTarget section */

/* Begin PBXProject section */
		95D456391C1AFB0B00A732F5 /* Project object */ = {
			isa = PBXProject;
			attributes = {
				LastSwiftUpdateCheck = 0720;
				LastUpgradeCheck = 0710;
				ORGANIZATIONNAME = "章宇";
				TargetAttributes = {
					95D456401C1AFB0B00A732F5 = {
						CreatedOnToolsVersion = 7.1.1;
					};
				};
			};
			buildConfigurationList = 95D4563C1C1AFB0B00A732F5 /* Build configuration list for PBXProject "ZYsmallDay" */;
			compatibilityVersion = "Xcode 3.2";
			developmentRegion = English;
			hasScannedForEncodings = 0;
			knownRegions = (
				en,
				Base,
				"zh-Hans",
			);
			mainGroup = 95D456381C1AFB0B00A732F5;
			productRefGroup = 95D456421C1AFB0B00A732F5 /* Products */;
			projectDirPath = "";
			projectRoot = "";
			targets = (
				95D456401C1AFB0B00A732F5 /* ZYsmallDay */,
			);
		};
/* End PBXProject section */

/* Begin PBXResourcesBuildPhase section */
		95D4563F1C1AFB0B00A732F5 /* Resources */ = {
			isa = PBXResourcesBuildPhase;
			buildActionMask = 2147483647;
			files = (
				9514EDCC1C33D11B00FD7798 /* UMShareEditViewController.xib in Resources */,
				951304771C54C1A40007EC50 /* ClassifyCell.xib in Resources */,
				9514EDC91C33D11B00FD7798 /* UMSCommentDetailController.xib in Resources */,
				952ACF001C1C5BF400C9CA11 /* Nears in Resources */,
				9514EDC71C33D11B00FD7798 /* UMSocialLocalizable.strings in Resources */,
				952ACF071C1C63D900C9CA11 /* Images.xcassets in Resources */,
				9515A2061C5C92E10016F8B7 /* OrderViewController.xib in Resources */,
				95EC157D1C4D1BD3007DB8F5 /* ExploreBottomView.xib in Resources */,
				952ACEEA1C1C5BC800C9CA11 /* fourpage-375w-667h@2x.jpg in Resources */,
				951373F61C3C0AF4007610CE /* ShopDetailContentView.xib in Resources */,
				952ACEFD1C1C5BF400C9CA11 /* events in Resources */,
				952ACEFF1C1C5BF400C9CA11 /* More in Resources */,
				9514EDCA1C33D11B00FD7798 /* UMSCommentInputController.xib in Resources */,
				952ACEFE1C1C5BF400C9CA11 /* Experience in Resources */,
				9514EDCF1C33D11B00FD7798 /* UMSnsAccountViewController.xib in Resources */,
				951373FE1C3C0B38007610CE /* GuessLikeView.xib in Resources */,
				954C18301C60ABDC006A4D8F /* EventCellTableViewCell.xib in Resources */,
				951373EC1C3C0A1E007610CE /* ThemeCell.xib in Resources */,
				956664F81C2165A70083F9B3 /* glass.wav in Resources */,
				9514EDCE1C33D11B00FD7798 /* UMSLoginViewController.xib in Resources */,
				958EDE281C61E63E0052C1F2 /* author@2x.png in Resources */,
				952ACF011C1C5BF400C9CA11 /* themes in Resources */,
				9514EDD11C33D11B00FD7798 /* UMSocialSDKResourcesNew.bundle in Resources */,
				951373E21C3C0998007610CE /* nearCell.xib in Resources */,
				9515A2071C5C92E10016F8B7 /* SettingCell.xib in Resources */,
				951373FA1C3C0B14007610CE /* MoreView.xib in Resources */,
				952ACEEB1C1C5BC800C9CA11 /* fourpage-414w-736h@3x.jpg in Resources */,
				9515A2041C5C92E10016F8B7 /* AboutWeViewController.xib in Resources */,
				9515A2051C5C92E10016F8B7 /* MyCenterViewController.xib in Resources */,
				95EC15811C4D1C1F007DB8F5 /* ExperienceCell.xib in Resources */,
				9514EDD01C33D11B00FD7798 /* UMSShareListController.xib in Resources */,
				952ACEFB1C1C5BF400C9CA11 /* Classify in Resources */,
				952ACEFC1C1C5BF400C9CA11 /* Details in Resources */,
				952ACEEC1C1C5BC800C9CA11 /* fourpage-568h@2x.jpg in Resources */,
				956665001C21736D0083F9B3 /* ShareView.xib in Resources */,
				952ACEF81C1C5BF400C9CA11 /* 798 in Resources */,
				952ACEF91C1C5BF400C9CA11 /* 南锣鼓巷 in Resources */,
				950315961C412F10009165F5 /* DetailCell.xib in Resources */,
				9524342F1C575D4000411125 /* SignUpViewController.xib in Resources */,
				9514EDCD1C33D11B00FD7798 /* UMShareEditViewControlleriPad.xib in Resources */,
				952ACF051C1C5F9D00C9CA11 /* LaunchScreen.xib in Resources */,
				9514EDCB1C33D11B00FD7798 /* UMSCommentInputControlleriPad.xib in Resources */,
				952ACEED1C1C5BC800C9CA11 /* fourpage@2x.jpg in Resources */,
				952ACEFA1C1C5BF400C9CA11 /* 三里屯 in Resources */,
				9515A2081C5C92E10016F8B7 /* ShakeViewController.xib in Resources */,
			);
			runOnlyForDeploymentPostprocessing = 0;
		};
/* End PBXResourcesBuildPhase section */

/* Begin PBXShellScriptBuildPhase section */
		04F80ECBC535F84B55B8AEED /* Copy Pods Resources */ = {
			isa = PBXShellScriptBuildPhase;
			buildActionMask = 2147483647;
			files = (
			);
			inputPaths = (
			);
			name = "Copy Pods Resources";
			outputPaths = (
			);
			runOnlyForDeploymentPostprocessing = 0;
			shellPath = /bin/sh;
			shellScript = "\"${SRCROOT}/Pods/Target Support Files/Pods-ZYsmallDay/Pods-ZYsmallDay-resources.sh\"\n";
			showEnvVarsInLog = 0;
		};
		327A49E13E8FEA3290930DC8 /* Embed Pods Frameworks */ = {
			isa = PBXShellScriptBuildPhase;
			buildActionMask = 2147483647;
			files = (
			);
			inputPaths = (
			);
			name = "Embed Pods Frameworks";
			outputPaths = (
			);
			runOnlyForDeploymentPostprocessing = 0;
			shellPath = /bin/sh;
			shellScript = "\"${SRCROOT}/Pods/Target Support Files/Pods-ZYsmallDay/Pods-ZYsmallDay-frameworks.sh\"\n";
			showEnvVarsInLog = 0;
		};
		88301633328C4DAC59AD4CF9 /* Check Pods Manifest.lock */ = {
			isa = PBXShellScriptBuildPhase;
			buildActionMask = 2147483647;
			files = (
			);
			inputPaths = (
			);
			name = "Check Pods Manifest.lock";
			outputPaths = (
			);
			runOnlyForDeploymentPostprocessing = 0;
			shellPath = /bin/sh;
			shellScript = "diff \"${PODS_ROOT}/../Podfile.lock\" \"${PODS_ROOT}/Manifest.lock\" > /dev/null\nif [[ $? != 0 ]] ; then\n    cat << EOM\nerror: The sandbox is not in sync with the Podfile.lock. Run 'pod install' or update your CocoaPods installation.\nEOM\n    exit 1\nfi\n";
			showEnvVarsInLog = 0;
		};
/* End PBXShellScriptBuildPhase section */

/* Begin PBXSourcesBuildPhase section */
		95D4563D1C1AFB0B00A732F5 /* Sources */ = {
			isa = PBXSourcesBuildPhase;
			buildActionMask = 2147483647;
			files = (
				956664DA1C2021120083F9B3 /* LoginViewController.swift in Sources */,
				951ADFAD1C4BE783005795BC /* ExperienceModel.swift in Sources */,
				952ACF131C1C9DAB00C9CA11 /* MeViewController.swift in Sources */,
				95EC15771C4D1B7A007DB8F5 /* ExperienceWebView.swift in Sources */,
				956664ED1C20253A0083F9B3 /* AboutWeViewController.swift in Sources */,
				956664E21C2023FA0083F9B3 /* SettingCell.swift in Sources */,
				951373E51C3C09E2007610CE /* EventCellTableViewCell.swift in Sources */,
				95D51B0F1C42373800AB56D6 /* LoadAnimatImageView.swift in Sources */,
				956664F41C2163CD0083F9B3 /* EveryDayModel.swift in Sources */,
				951373F01C3C0A69007610CE /* EventWebView.swift in Sources */,
				956664E61C2024C70083F9B3 /* FeedbackViewController.swift in Sources */,
				959D2E911C4F7AEF000A47BE /* ShareTool.swift in Sources */,
				951373FC1C3C0B2E007610CE /* GuessLikeView.swift in Sources */,
				950C15EC1C1BD286000929F5 /* MainViewController.swift in Sources */,
				9514ED6E1C33C9B000FD7798 /* UserInfoManager.swift in Sources */,
				956664FC1C2172030083F9B3 /* FileTool.swift in Sources */,
				952ACF0D1C1C806E00C9CA11 /* UIView+wnxView.swift in Sources */,
				95DCB4091C3FB16600D5F77D /* ClassDetailViewController.swift in Sources */,
				952ACEE51C1C593400C9CA11 /* LeadpageViewController.swift in Sources */,
				95EC15751C4D1B56007DB8F5 /* ExperHeadPushViewController.swift in Sources */,
				951373DC1C3C0920007610CE /* NearViewController.swift in Sources */,
				956664E91C2025090083F9B3 /* ShakeViewController.swift in Sources */,
				956664F01C20256C0083F9B3 /* RecommendViewController.swift in Sources */,
				956664CE1C1D7E1C0083F9B3 /* CityHeadCollectionReusableView.swift in Sources */,
				951373F81C3C0B09007610CE /* MoreView.swift in Sources */,
				95EC15841C4D1C45007DB8F5 /* SignUpViewController.swift in Sources */,
				952ACF0F1C1C98E600C9CA11 /* ExperienceViewController.swift in Sources */,
				95DCB40B1C3FB68600D5F77D /* UIImageView+wnxImage.swift in Sources */,
				9513047B1C54C1F50007EC50 /* SearchView.swift in Sources */,
				951374021C3C19C2007610CE /* SDRefreshHeader.swift in Sources */,
				951373F41C3C0AC9007610CE /* ShopDetailContentView.swift in Sources */,
				95430A7B1C1BE34B00CCFDC8 /* UIColor+wnxColor.swift in Sources */,
				9513047F1C54C22F0007EC50 /* SearchTextField.swift in Sources */,
				951373EB1C3C0A1E007610CE /* ThemeCell.swift in Sources */,
				95DCB40D1C3FC63900D5F77D /* UIBarButtonItem+wxnBarButtonItem.swift in Sources */,
				950315951C412F10009165F5 /* DetailCell.swift in Sources */,
				956665021C219ECC0083F9B3 /* ShareModel.swift in Sources */,
				951ADFAB1C4BE728005795BC /* ExperHeadView.swift in Sources */,
				950C15EA1C1BCFB4000929F5 /* MainTabBarController.swift in Sources */,
				958EDE261C61E0090052C1F2 /* CustomCalloutView.swift in Sources */,
				956664DD1C20233F0083F9B3 /* OrderViewController.swift in Sources */,
				9507A3321C43984A00E760AF /* DetailViewController.swift in Sources */,
				951ADFA71C4B73CF005795BC /* NavigatorViewController.swift in Sources */,
				951373F21C3C0A98007610CE /* ThemeViewController.swift in Sources */,
				95430A791C1BDCA000CCFDC8 /* theme.swift in Sources */,
				956664F61C2164640083F9B3 /* SwiftDictModel.swift in Sources */,
				95EC15871C4D1C61007DB8F5 /* BuyDetailViewController.swift in Sources */,
				959AB4421C1D61C30053111F /* DoubleTextView.swift in Sources */,
				951373DE1C3C0958007610CE /* WNXMapView.swift in Sources */,
				956664F21C206A3E0083F9B3 /* ClassifyModel.swift in Sources */,
				952ACF0B1C1C7B4200C9CA11 /* ExploreViewController.swift in Sources */,
				95D6E2E31C4E68CB009978B5 /* RegExCategories.m in Sources */,
				951373EE1C3C0A47007610CE /* EventViewController.swift in Sources */,
				951304791C54C1D70007EC50 /* SearchViewController.swift in Sources */,
				952ACF111C1C9D5000C9CA11 /* ClassifyViewController.swift in Sources */,
				956664D01C2010480083F9B3 /* IconView.swift in Sources */,
				956664FE1C2172DC0083F9B3 /* ShareView.swift in Sources */,
				955ED5691C1C47B40054494E /* MainNavigationController.swift in Sources */,
				956664D81C2020AF0083F9B3 /* UserAccountTool.swift in Sources */,
				958EDE241C61DFC10052C1F2 /* CustomAnnotationView.swift in Sources */,
				95D456451C1AFB0B00A732F5 /* AppDelegate.swift in Sources */,
				95F6E33D1C4500CD0062DB4F /* ShopDetailView.swift in Sources */,
				956664E01C2023B30083F9B3 /* SettingViewController.swift in Sources */,
				951373DA1C3C0312007610CE /* String+Hash.swift in Sources */,
				95EC15801C4D1C1F007DB8F5 /* ExperienceCell.swift in Sources */,
				951374001C3C0BE5007610CE /* MainTableView.swift in Sources */,
				951304761C54C1A40007EC50 /* ClassifyCell.swift in Sources */,
				956664D51C2018750083F9B3 /* MyCenterViewController.swift in Sources */,
				956664D21C20134E0083F9B3 /* UIImage+wnxImage.swift in Sources */,
				95EC157B1C4D1BBA007DB8F5 /* ExploreBottomView.swift in Sources */,
				951373E11C3C0998007610CE /* nearCell.swift in Sources */,
				951ADFA91C4B798C005795BC /* String+wnxString.swift in Sources */,
				956664CC1C1D7D7F0083F9B3 /* CityCollectionViewCell.swift in Sources */,
				950C15EE1C1BD351000929F5 /* CityViewController.swift in Sources */,
				9513047D1C54C2110007EC50 /* SearchButton.swift in Sources */,
			);
			runOnlyForDeploymentPostprocessing = 0;
		};
/* End PBXSourcesBuildPhase section */

/* Begin PBXVariantGroup section */
		9514ED931C33D11B00FD7798 /* UMSocialLocalizable.strings */ = {
			isa = PBXVariantGroup;
			children = (
				9514ED941C33D11B00FD7798 /* en */,
				9514EDAC1C33D11B00FD7798 /* zh-Hans */,
			);
			name = UMSocialLocalizable.strings;
			sourceTree = "<group>";
		};
/* End PBXVariantGroup section */

/* Begin XCBuildConfiguration section */
		95D456511C1AFB0B00A732F5 /* Debug */ = {
			isa = XCBuildConfiguration;
			buildSettings = {
				ALWAYS_SEARCH_USER_PATHS = NO;
				CLANG_CXX_LANGUAGE_STANDARD = "gnu++0x";
				CLANG_CXX_LIBRARY = "libc++";
				CLANG_ENABLE_MODULES = YES;
				CLANG_ENABLE_OBJC_ARC = YES;
				CLANG_WARN_BOOL_CONVERSION = YES;
				CLANG_WARN_CONSTANT_CONVERSION = YES;
				CLANG_WARN_DIRECT_OBJC_ISA_USAGE = YES_ERROR;
				CLANG_WARN_EMPTY_BODY = YES;
				CLANG_WARN_ENUM_CONVERSION = YES;
				CLANG_WARN_INT_CONVERSION = YES;
				CLANG_WARN_OBJC_ROOT_CLASS = YES_ERROR;
				CLANG_WARN_UNREACHABLE_CODE = YES;
				CLANG_WARN__DUPLICATE_METHOD_MATCH = YES;
				"CODE_SIGN_IDENTITY[sdk=iphoneos*]" = "iPhone Developer";
				COPY_PHASE_STRIP = NO;
				DEBUG_INFORMATION_FORMAT = dwarf;
				ENABLE_STRICT_OBJC_MSGSEND = YES;
				ENABLE_TESTABILITY = YES;
				GCC_C_LANGUAGE_STANDARD = gnu99;
				GCC_DYNAMIC_NO_PIC = NO;
				GCC_NO_COMMON_BLOCKS = YES;
				GCC_OPTIMIZATION_LEVEL = 0;
				GCC_PREPROCESSOR_DEFINITIONS = (
					"DEBUG=1",
					"$(inherited)",
				);
				GCC_WARN_64_TO_32_BIT_CONVERSION = YES;
				GCC_WARN_ABOUT_RETURN_TYPE = YES_ERROR;
				GCC_WARN_UNDECLARED_SELECTOR = YES;
				GCC_WARN_UNINITIALIZED_AUTOS = YES_AGGRESSIVE;
				GCC_WARN_UNUSED_FUNCTION = YES;
				GCC_WARN_UNUSED_VARIABLE = YES;
				IPHONEOS_DEPLOYMENT_TARGET = 9.1;
				MTL_ENABLE_DEBUG_INFO = YES;
				ONLY_ACTIVE_ARCH = YES;
				SDKROOT = iphoneos;
				SWIFT_OPTIMIZATION_LEVEL = "-Onone";
				TARGETED_DEVICE_FAMILY = "1,2";
			};
			name = Debug;
		};
		95D456521C1AFB0B00A732F5 /* Release */ = {
			isa = XCBuildConfiguration;
			buildSettings = {
				ALWAYS_SEARCH_USER_PATHS = NO;
				CLANG_CXX_LANGUAGE_STANDARD = "gnu++0x";
				CLANG_CXX_LIBRARY = "libc++";
				CLANG_ENABLE_MODULES = YES;
				CLANG_ENABLE_OBJC_ARC = YES;
				CLANG_WARN_BOOL_CONVERSION = YES;
				CLANG_WARN_CONSTANT_CONVERSION = YES;
				CLANG_WARN_DIRECT_OBJC_ISA_USAGE = YES_ERROR;
				CLANG_WARN_EMPTY_BODY = YES;
				CLANG_WARN_ENUM_CONVERSION = YES;
				CLANG_WARN_INT_CONVERSION = YES;
				CLANG_WARN_OBJC_ROOT_CLASS = YES_ERROR;
				CLANG_WARN_UNREACHABLE_CODE = YES;
				CLANG_WARN__DUPLICATE_METHOD_MATCH = YES;
				"CODE_SIGN_IDENTITY[sdk=iphoneos*]" = "iPhone Developer";
				COPY_PHASE_STRIP = NO;
				DEBUG_INFORMATION_FORMAT = "dwarf-with-dsym";
				ENABLE_NS_ASSERTIONS = NO;
				ENABLE_STRICT_OBJC_MSGSEND = YES;
				GCC_C_LANGUAGE_STANDARD = gnu99;
				GCC_NO_COMMON_BLOCKS = YES;
				GCC_WARN_64_TO_32_BIT_CONVERSION = YES;
				GCC_WARN_ABOUT_RETURN_TYPE = YES_ERROR;
				GCC_WARN_UNDECLARED_SELECTOR = YES;
				GCC_WARN_UNINITIALIZED_AUTOS = YES_AGGRESSIVE;
				GCC_WARN_UNUSED_FUNCTION = YES;
				GCC_WARN_UNUSED_VARIABLE = YES;
				IPHONEOS_DEPLOYMENT_TARGET = 9.1;
				MTL_ENABLE_DEBUG_INFO = NO;
				SDKROOT = iphoneos;
				TARGETED_DEVICE_FAMILY = "1,2";
				VALIDATE_PRODUCT = YES;
			};
			name = Release;
		};
		95D456541C1AFB0B00A732F5 /* Debug */ = {
			isa = XCBuildConfiguration;
			baseConfigurationReference = 3A951D6633B67D43F838E33D /* Pods-ZYsmallDay.debug.xcconfig */;
			buildSettings = {
				ASSETCATALOG_COMPILER_APPICON_NAME = AppIcon;
				CLANG_ENABLE_MODULES = YES;
				FRAMEWORK_SEARCH_PATHS = (
					"$(inherited)",
					"$(PROJECT_DIR)/Pods/AMap2DMap",
				);
				INFOPLIST_FILE = ZYsmallDay/Info.plist;
				LD_RUNPATH_SEARCH_PATHS = "$(inherited) @executable_path/Frameworks";
				LIBRARY_SEARCH_PATHS = (
					"$(inherited)",
					"$(PROJECT_DIR)/ZYsmallDay/Classes/Venders/UMSocial_Sdk_4.2.3",
					"$(PROJECT_DIR)/ZYsmallDay/Classes/Venders/UMSocial_Sdk_Extra_Frameworks/Sina",
					"$(PROJECT_DIR)/ZYsmallDay/Classes/Venders/UMSocial_Sdk_Extra_Frameworks/Wechat",
				);
				PRODUCT_BUNDLE_IDENTIFIER = Misandy.ZYsmallDay;
				PRODUCT_NAME = "$(TARGET_NAME)";
				SWIFT_OBJC_BRIDGING_HEADER = "ZYsmallDay-Bridging-Header.h";
				SWIFT_OPTIMIZATION_LEVEL = "-Onone";
			};
			name = Debug;
		};
		95D456551C1AFB0B00A732F5 /* Release */ = {
			isa = XCBuildConfiguration;
			baseConfigurationReference = 26D478EE2FCDFE6377D1FB42 /* Pods-ZYsmallDay.release.xcconfig */;
			buildSettings = {
				ASSETCATALOG_COMPILER_APPICON_NAME = AppIcon;
				CLANG_ENABLE_MODULES = YES;
				FRAMEWORK_SEARCH_PATHS = (
					"$(inherited)",
					"$(PROJECT_DIR)/Pods/AMap2DMap",
				);
				INFOPLIST_FILE = ZYsmallDay/Info.plist;
				LD_RUNPATH_SEARCH_PATHS = "$(inherited) @executable_path/Frameworks";
				LIBRARY_SEARCH_PATHS = (
					"$(inherited)",
					"$(PROJECT_DIR)/ZYsmallDay/Classes/Venders/UMSocial_Sdk_4.2.3",
					"$(PROJECT_DIR)/ZYsmallDay/Classes/Venders/UMSocial_Sdk_Extra_Frameworks/Sina",
					"$(PROJECT_DIR)/ZYsmallDay/Classes/Venders/UMSocial_Sdk_Extra_Frameworks/Wechat",
				);
				PRODUCT_BUNDLE_IDENTIFIER = Misandy.ZYsmallDay;
				PRODUCT_NAME = "$(TARGET_NAME)";
				SWIFT_OBJC_BRIDGING_HEADER = "ZYsmallDay-Bridging-Header.h";
			};
			name = Release;
		};
/* End XCBuildConfiguration section */

/* Begin XCConfigurationList section */
		95D4563C1C1AFB0B00A732F5 /* Build configuration list for PBXProject "ZYsmallDay" */ = {
			isa = XCConfigurationList;
			buildConfigurations = (
				95D456511C1AFB0B00A732F5 /* Debug */,
				95D456521C1AFB0B00A732F5 /* Release */,
			);
			defaultConfigurationIsVisible = 0;
			defaultConfigurationName = Release;
		};
		95D456531C1AFB0B00A732F5 /* Build configuration list for PBXNativeTarget "ZYsmallDay" */ = {
			isa = XCConfigurationList;
			buildConfigurations = (
				95D456541C1AFB0B00A732F5 /* Debug */,
				95D456551C1AFB0B00A732F5 /* Release */,
			);
			defaultConfigurationIsVisible = 0;
			defaultConfigurationName = Release;
		};
/* End XCConfigurationList section */
	};
	rootObject = 95D456391C1AFB0B00A732F5 /* Project object */;
}
